// !$*UTF8*$!
{
	archiveVersion = 1;
	classes = {
	};
	objectVersion = 50;
	objects = {

/* Begin PBXBuildFile section */
		27FC74FD20BD10B900435C50 /* Crypto.swift in Sources */ = {isa = PBXBuildFile; fileRef = 27FC74DA20BD10B800435C50 /* Crypto.swift */; };
		27FC74FE20BD10B900435C50 /* Currency.swift in Sources */ = {isa = PBXBuildFile; fileRef = 27FC74DD20BD10B800435C50 /* Currency.swift */; };
		27FC74FF20BD10B900435C50 /* Signature.swift in Sources */ = {isa = PBXBuildFile; fileRef = 27FC74DF20BD10B900435C50 /* Signature.swift */; };
		27FC750020BD10B900435C50 /* ChainRouter.swift in Sources */ = {isa = PBXBuildFile; fileRef = 27FC74E220BD10B900435C50 /* ChainRouter.swift */; };
		27FC750120BD10B900435C50 /* EOSRPC+Chain.swift in Sources */ = {isa = PBXBuildFile; fileRef = 27FC74E320BD10B900435C50 /* EOSRPC+Chain.swift */; };
		27FC750220BD10B900435C50 /* EOSRPC.swift in Sources */ = {isa = PBXBuildFile; fileRef = 27FC74E520BD10B900435C50 /* EOSRPC.swift */; };
		27FC750320BD10B900435C50 /* BaseRouter.swift in Sources */ = {isa = PBXBuildFile; fileRef = 27FC74E620BD10B900435C50 /* BaseRouter.swift */; };
		27FC750420BD10B900435C50 /* curve-specific.inc in Sources */ = {isa = PBXBuildFile; fileRef = 27FC74ED20BD10B900435C50 /* curve-specific.inc */; };
		27FC750520BD10B900435C50 /* platform-specific.inc in Sources */ = {isa = PBXBuildFile; fileRef = 27FC74EF20BD10B900435C50 /* platform-specific.inc */; };
		27FC750620BD10B900435C50 /* ripemd160.c in Sources */ = {isa = PBXBuildFile; fileRef = 27FC74F220BD10B900435C50 /* ripemd160.c */; };
		27FC750720BD10B900435C50 /* uECC.c in Sources */ = {isa = PBXBuildFile; fileRef = 27FC74F320BD10B900435C50 /* uECC.c */; };
		27FC750820BD10B900435C50 /* base58.c in Sources */ = {isa = PBXBuildFile; fileRef = 27FC74F420BD10B900435C50 /* base58.c */; };
		27FC750920BD10B900435C50 /* KeyPair.swift in Sources */ = {isa = PBXBuildFile; fileRef = 27FC74F620BD10B900435C50 /* KeyPair.swift */; };
		27FC750A20BD10B900435C50 /* PublicKey.swift in Sources */ = {isa = PBXBuildFile; fileRef = 27FC74F720BD10B900435C50 /* PublicKey.swift */; };
		27FC750B20BD10B900435C50 /* PrivateKey.swift in Sources */ = {isa = PBXBuildFile; fileRef = 27FC74F820BD10B900435C50 /* PrivateKey.swift */; };
		27FC750C20BD10B900435C50 /* ChainModels.swift in Sources */ = {isa = PBXBuildFile; fileRef = 27FC74FA20BD10B900435C50 /* ChainModels.swift */; };
		27FC750D20BD10B900435C50 /* BigInt.swift in Sources */ = {isa = PBXBuildFile; fileRef = 27FC74FB20BD10B900435C50 /* BigInt.swift */; };
		27FC750E20BD10B900435C50 /* main.swift in Sources */ = {isa = PBXBuildFile; fileRef = 27FC74FC20BD10B900435C50 /* main.swift */; };
/* End PBXBuildFile section */

/* Begin PBXCopyFilesBuildPhase section */
		27201541208E0673001205A3 /* CopyFiles */ = {
			isa = PBXCopyFilesBuildPhase;
			buildActionMask = 2147483647;
			dstPath = /usr/share/man/man1/;
			dstSubfolderSpec = 0;
			files = (
			);
			runOnlyForDeploymentPostprocessing = 1;
		};
/* End PBXCopyFilesBuildPhase section */

/* Begin PBXFileReference section */
		27201543208E0673001205A3 /* SwiftyEOS */ = {isa = PBXFileReference; explicitFileType = "compiled.mach-o.executable"; includeInIndex = 0; path = SwiftyEOS; sourceTree = BUILT_PRODUCTS_DIR; };
		27FC74DA20BD10B800435C50 /* Crypto.swift */ = {isa = PBXFileReference; fileEncoding = 4; lastKnownFileType = sourcecode.swift; path = Crypto.swift; sourceTree = "<group>"; };
		27FC74DD20BD10B800435C50 /* Currency.swift */ = {isa = PBXFileReference; fileEncoding = 4; lastKnownFileType = sourcecode.swift; path = Currency.swift; sourceTree = "<group>"; };
		27FC74DF20BD10B900435C50 /* Signature.swift */ = {isa = PBXFileReference; fileEncoding = 4; lastKnownFileType = sourcecode.swift; path = Signature.swift; sourceTree = "<group>"; };
		27FC74E220BD10B900435C50 /* ChainRouter.swift */ = {isa = PBXFileReference; fileEncoding = 4; lastKnownFileType = sourcecode.swift; path = ChainRouter.swift; sourceTree = "<group>"; };
		27FC74E320BD10B900435C50 /* EOSRPC+Chain.swift */ = {isa = PBXFileReference; fileEncoding = 4; lastKnownFileType = sourcecode.swift; path = "EOSRPC+Chain.swift"; sourceTree = "<group>"; };
		27FC74E520BD10B900435C50 /* EOSRPC.swift */ = {isa = PBXFileReference; fileEncoding = 4; lastKnownFileType = sourcecode.swift; path = EOSRPC.swift; sourceTree = "<group>"; };
		27FC74E620BD10B900435C50 /* BaseRouter.swift */ = {isa = PBXFileReference; fileEncoding = 4; lastKnownFileType = sourcecode.swift; path = BaseRouter.swift; sourceTree = "<group>"; };
		27FC74E920BD10B900435C50 /* uECC.h */ = {isa = PBXFileReference; fileEncoding = 4; lastKnownFileType = sourcecode.c.h; path = uECC.h; sourceTree = "<group>"; };
		27FC74EA20BD10B900435C50 /* ripemd160.h */ = {isa = PBXFileReference; fileEncoding = 4; lastKnownFileType = sourcecode.c.h; path = ripemd160.h; sourceTree = "<group>"; };
		27FC74EB20BD10B900435C50 /* uECC_vli.h */ = {isa = PBXFileReference; fileEncoding = 4; lastKnownFileType = sourcecode.c.h; path = uECC_vli.h; sourceTree = "<group>"; };
		27FC74EC20BD10B900435C50 /* libbase58.h */ = {isa = PBXFileReference; fileEncoding = 4; lastKnownFileType = sourcecode.c.h; path = libbase58.h; sourceTree = "<group>"; };
		27FC74ED20BD10B900435C50 /* curve-specific.inc */ = {isa = PBXFileReference; fileEncoding = 4; lastKnownFileType = sourcecode.pascal; path = "curve-specific.inc"; sourceTree = "<group>"; };
		27FC74EE20BD10B900435C50 /* types.h */ = {isa = PBXFileReference; fileEncoding = 4; lastKnownFileType = sourcecode.c.h; path = types.h; sourceTree = "<group>"; };
		27FC74EF20BD10B900435C50 /* platform-specific.inc */ = {isa = PBXFileReference; fileEncoding = 4; lastKnownFileType = sourcecode.pascal; path = "platform-specific.inc"; sourceTree = "<group>"; };
		27FC74F020BD10B900435C50 /* Bridging-Header.h */ = {isa = PBXFileReference; fileEncoding = 4; lastKnownFileType = sourcecode.c.h; path = "Bridging-Header.h"; sourceTree = "<group>"; };
		27FC74F220BD10B900435C50 /* ripemd160.c */ = {isa = PBXFileReference; fileEncoding = 4; lastKnownFileType = sourcecode.c.c; path = ripemd160.c; sourceTree = "<group>"; };
		27FC74F320BD10B900435C50 /* uECC.c */ = {isa = PBXFileReference; fileEncoding = 4; lastKnownFileType = sourcecode.c.c; path = uECC.c; sourceTree = "<group>"; };
		27FC74F420BD10B900435C50 /* base58.c */ = {isa = PBXFileReference; fileEncoding = 4; lastKnownFileType = sourcecode.c.c; path = base58.c; sourceTree = "<group>"; };
		27FC74F620BD10B900435C50 /* KeyPair.swift */ = {isa = PBXFileReference; fileEncoding = 4; lastKnownFileType = sourcecode.swift; path = KeyPair.swift; sourceTree = "<group>"; };
		27FC74F720BD10B900435C50 /* PublicKey.swift */ = {isa = PBXFileReference; fileEncoding = 4; lastKnownFileType = sourcecode.swift; path = PublicKey.swift; sourceTree = "<group>"; };
		27FC74F820BD10B900435C50 /* PrivateKey.swift */ = {isa = PBXFileReference; fileEncoding = 4; lastKnownFileType = sourcecode.swift; path = PrivateKey.swift; sourceTree = "<group>"; };
		27FC74FA20BD10B900435C50 /* ChainModels.swift */ = {isa = PBXFileReference; fileEncoding = 4; lastKnownFileType = sourcecode.swift; path = ChainModels.swift; sourceTree = "<group>"; };
		27FC74FB20BD10B900435C50 /* BigInt.swift */ = {isa = PBXFileReference; fileEncoding = 4; lastKnownFileType = sourcecode.swift; path = BigInt.swift; sourceTree = "<group>"; };
		27FC74FC20BD10B900435C50 /* main.swift */ = {isa = PBXFileReference; fileEncoding = 4; lastKnownFileType = sourcecode.swift; path = main.swift; sourceTree = "<group>"; };
/* End PBXFileReference section */

/* Begin PBXFrameworksBuildPhase section */
		27201540208E0673001205A3 /* Frameworks */ = {
			isa = PBXFrameworksBuildPhase;
			buildActionMask = 2147483647;
			files = (
			);
			runOnlyForDeploymentPostprocessing = 0;
		};
/* End PBXFrameworksBuildPhase section */

/* Begin PBXGroup section */
		2720153A208E0673001205A3 = {
			isa = PBXGroup;
			children = (
				27FC751020BD239700435C50 /* Dependencies */,
				27FC74E720BD10B900435C50 /* Libraries */,
				27FC750F20BD10C100435C50 /* Tests */,
				27FC74D720BD10B800435C50 /* Sources */,
				27201544208E0673001205A3 /* Products */,
			);
			sourceTree = "<group>";
		};
		27201544208E0673001205A3 /* Products */ = {
			isa = PBXGroup;
			children = (
				27201543208E0673001205A3 /* SwiftyEOS */,
			);
			name = Products;
			sourceTree = "<group>";
		};
		27FC74D720BD10B800435C50 /* Sources */ = {
			isa = PBXGroup;
			children = (
				27FC74D820BD10B800435C50 /* SwiftyEOS */,
			);
			path = Sources;
			sourceTree = "<group>";
		};
		27FC74D820BD10B800435C50 /* SwiftyEOS */ = {
			isa = PBXGroup;
			children = (
				27FC74D920BD10B800435C50 /* Crypto */,
				27FC74DB20BD10B800435C50 /* Contract */,
				27FC74DE20BD10B800435C50 /* Signature */,
				27FC74E020BD10B900435C50 /* Network */,
				27FC74F520BD10B900435C50 /* Key */,
				27FC74F920BD10B900435C50 /* Models */,
				27FC74FC20BD10B900435C50 /* main.swift */,
			);
			path = SwiftyEOS;
			sourceTree = "<group>";
		};
		27FC74D920BD10B800435C50 /* Crypto */ = {
			isa = PBXGroup;
			children = (
				27FC74DA20BD10B800435C50 /* Crypto.swift */,
			);
			path = Crypto;
			sourceTree = "<group>";
		};
		27FC74DB20BD10B800435C50 /* Contract */ = {
			isa = PBXGroup;
			children = (
				27FC74DC20BD10B800435C50 /* currency */,
			);
			path = Contract;
			sourceTree = "<group>";
		};
		27FC74DC20BD10B800435C50 /* currency */ = {
			isa = PBXGroup;
			children = (
				27FC74DD20BD10B800435C50 /* Currency.swift */,
			);
			path = currency;
			sourceTree = "<group>";
		};
		27FC74DE20BD10B800435C50 /* Signature */ = {
			isa = PBXGroup;
			children = (
				27FC74DF20BD10B900435C50 /* Signature.swift */,
			);
			path = Signature;
			sourceTree = "<group>";
		};
		27FC74E020BD10B900435C50 /* Network */ = {
			isa = PBXGroup;
			children = (
				27FC74E120BD10B900435C50 /* Chain */,
				27FC74E420BD10B900435C50 /* Base */,
			);
			path = Network;
			sourceTree = "<group>";
		};
		27FC74E120BD10B900435C50 /* Chain */ = {
			isa = PBXGroup;
			children = (
				27FC74E220BD10B900435C50 /* ChainRouter.swift */,
				27FC74E320BD10B900435C50 /* EOSRPC+Chain.swift */,
			);
			path = Chain;
			sourceTree = "<group>";
		};
		27FC74E420BD10B900435C50 /* Base */ = {
			isa = PBXGroup;
			children = (
				27FC74E520BD10B900435C50 /* EOSRPC.swift */,
				27FC74E620BD10B900435C50 /* BaseRouter.swift */,
			);
			path = Base;
			sourceTree = "<group>";
		};
		27FC74E720BD10B900435C50 /* Libraries */ = {
			isa = PBXGroup;
			children = (
				27FC74E820BD10B900435C50 /* include */,
				27FC74F120BD10B900435C50 /* src */,
			);
			path = Libraries;
			sourceTree = "<group>";
		};
		27FC74E820BD10B900435C50 /* include */ = {
			isa = PBXGroup;
			children = (
				27FC74E920BD10B900435C50 /* uECC.h */,
				27FC74EA20BD10B900435C50 /* ripemd160.h */,
				27FC74EB20BD10B900435C50 /* uECC_vli.h */,
				27FC74EC20BD10B900435C50 /* libbase58.h */,
				27FC74ED20BD10B900435C50 /* curve-specific.inc */,
				27FC74EE20BD10B900435C50 /* types.h */,
				27FC74EF20BD10B900435C50 /* platform-specific.inc */,
				27FC74F020BD10B900435C50 /* Bridging-Header.h */,
			);
			path = include;
			sourceTree = "<group>";
		};
		27FC74F120BD10B900435C50 /* src */ = {
			isa = PBXGroup;
			children = (
				27FC74F220BD10B900435C50 /* ripemd160.c */,
				27FC74F320BD10B900435C50 /* uECC.c */,
				27FC74F420BD10B900435C50 /* base58.c */,
			);
			path = src;
			sourceTree = "<group>";
		};
		27FC74F520BD10B900435C50 /* Key */ = {
			isa = PBXGroup;
			children = (
				27FC74F620BD10B900435C50 /* KeyPair.swift */,
				27FC74F720BD10B900435C50 /* PublicKey.swift */,
				27FC74F820BD10B900435C50 /* PrivateKey.swift */,
			);
			path = Key;
			sourceTree = "<group>";
		};
		27FC74F920BD10B900435C50 /* Models */ = {
			isa = PBXGroup;
			children = (
				27FC74FA20BD10B900435C50 /* ChainModels.swift */,
				27FC74FB20BD10B900435C50 /* BigInt.swift */,
			);
			path = Models;
			sourceTree = "<group>";
		};
		27FC750F20BD10C100435C50 /* Tests */ = {
			isa = PBXGroup;
			children = (
			);
			path = Tests;
			sourceTree = "<group>";
		};
		27FC751020BD239700435C50 /* Dependencies */ = {
			isa = PBXGroup;
			children = (
			);
			path = Dependencies;
			sourceTree = "<group>";
		};
/* End PBXGroup section */

/* Begin PBXNativeTarget section */
		27201542208E0673001205A3 /* SwiftyEOS */ = {
			isa = PBXNativeTarget;
			buildConfigurationList = 2720154A208E0673001205A3 /* Build configuration list for PBXNativeTarget "SwiftyEOS" */;
			buildPhases = (
				2720153F208E0673001205A3 /* Sources */,
				27201540208E0673001205A3 /* Frameworks */,
				27201541208E0673001205A3 /* CopyFiles */,
			);
			buildRules = (
			);
			dependencies = (
			);
			name = SwiftyEOS;
			productName = SwiftyEOS;
			productReference = 27201543208E0673001205A3 /* SwiftyEOS */;
			productType = "com.apple.product-type.tool";
		};
/* End PBXNativeTarget section */

/* Begin PBXProject section */
		2720153B208E0673001205A3 /* Project object */ = {
			isa = PBXProject;
			attributes = {
				LastSwiftUpdateCheck = 0930;
				LastUpgradeCheck = 0930;
				ORGANIZATIONNAME = ProChain;
				TargetAttributes = {
					27201542208E0673001205A3 = {
						CreatedOnToolsVersion = 9.3;
					};
				};
			};
			buildConfigurationList = 2720153E208E0673001205A3 /* Build configuration list for PBXProject "SwiftyEOS" */;
			compatibilityVersion = "Xcode 9.3";
			developmentRegion = en;
			hasScannedForEncodings = 0;
			knownRegions = (
				en,
			);
			mainGroup = 2720153A208E0673001205A3;
			productRefGroup = 27201544208E0673001205A3 /* Products */;
			projectDirPath = "";
			projectRoot = "";
			targets = (
				27201542208E0673001205A3 /* SwiftyEOS */,
			);
		};
/* End PBXProject section */

/* Begin PBXSourcesBuildPhase section */
		2720153F208E0673001205A3 /* Sources */ = {
			isa = PBXSourcesBuildPhase;
			buildActionMask = 2147483647;
			files = (
				27FC750A20BD10B900435C50 /* PublicKey.swift in Sources */,
				27FC750020BD10B900435C50 /* ChainRouter.swift in Sources */,
				27FC750E20BD10B900435C50 /* main.swift in Sources */,
				27FC750520BD10B900435C50 /* platform-specific.inc in Sources */,
				27FC750D20BD10B900435C50 /* BigInt.swift in Sources */,
				27FC750C20BD10B900435C50 /* ChainModels.swift in Sources */,
				27FC750920BD10B900435C50 /* KeyPair.swift in Sources */,
				27FC74FF20BD10B900435C50 /* Signature.swift in Sources */,
				27FC750720BD10B900435C50 /* uECC.c in Sources */,
				27FC750420BD10B900435C50 /* curve-specific.inc in Sources */,
				27FC750820BD10B900435C50 /* base58.c in Sources */,
				27FC750620BD10B900435C50 /* ripemd160.c in Sources */,
				27FC750320BD10B900435C50 /* BaseRouter.swift in Sources */,
				27FC74FE20BD10B900435C50 /* Currency.swift in Sources */,
				27FC750220BD10B900435C50 /* EOSRPC.swift in Sources */,
				27FC74FD20BD10B900435C50 /* Crypto.swift in Sources */,
				27FC750120BD10B900435C50 /* EOSRPC+Chain.swift in Sources */,
				27FC750B20BD10B900435C50 /* PrivateKey.swift in Sources */,
			);
			runOnlyForDeploymentPostprocessing = 0;
		};
/* End PBXSourcesBuildPhase section */

/* Begin XCBuildConfiguration section */
		27201548208E0673001205A3 /* Debug */ = {
			isa = XCBuildConfiguration;
			buildSettings = {
				ALWAYS_SEARCH_USER_PATHS = NO;
				CLANG_ANALYZER_NONNULL = YES;
				CLANG_ANALYZER_NUMBER_OBJECT_CONVERSION = YES_AGGRESSIVE;
				CLANG_CXX_LANGUAGE_STANDARD = "gnu++14";
				CLANG_CXX_LIBRARY = "libc++";
				CLANG_ENABLE_MODULES = YES;
				CLANG_ENABLE_OBJC_ARC = YES;
				CLANG_ENABLE_OBJC_WEAK = YES;
				CLANG_WARN_BLOCK_CAPTURE_AUTORELEASING = YES;
				CLANG_WARN_BOOL_CONVERSION = YES;
				CLANG_WARN_COMMA = YES;
				CLANG_WARN_CONSTANT_CONVERSION = YES;
				CLANG_WARN_DEPRECATED_OBJC_IMPLEMENTATIONS = YES;
				CLANG_WARN_DIRECT_OBJC_ISA_USAGE = YES_ERROR;
				CLANG_WARN_DOCUMENTATION_COMMENTS = YES;
				CLANG_WARN_EMPTY_BODY = YES;
				CLANG_WARN_ENUM_CONVERSION = YES;
				CLANG_WARN_INFINITE_RECURSION = YES;
				CLANG_WARN_INT_CONVERSION = YES;
				CLANG_WARN_NON_LITERAL_NULL_CONVERSION = YES;
				CLANG_WARN_OBJC_IMPLICIT_RETAIN_SELF = YES;
				CLANG_WARN_OBJC_LITERAL_CONVERSION = YES;
				CLANG_WARN_OBJC_ROOT_CLASS = YES_ERROR;
				CLANG_WARN_RANGE_LOOP_ANALYSIS = YES;
				CLANG_WARN_STRICT_PROTOTYPES = YES;
				CLANG_WARN_SUSPICIOUS_MOVE = YES;
				CLANG_WARN_UNGUARDED_AVAILABILITY = YES_AGGRESSIVE;
				CLANG_WARN_UNREACHABLE_CODE = YES;
				CLANG_WARN__DUPLICATE_METHOD_MATCH = YES;
				CODE_SIGN_IDENTITY = "-";
				COPY_PHASE_STRIP = NO;
				DEBUG_INFORMATION_FORMAT = dwarf;
				ENABLE_STRICT_OBJC_MSGSEND = YES;
				ENABLE_TESTABILITY = YES;
				GCC_C_LANGUAGE_STANDARD = gnu11;
				GCC_DYNAMIC_NO_PIC = NO;
				GCC_NO_COMMON_BLOCKS = YES;
				GCC_OPTIMIZATION_LEVEL = 0;
				GCC_PREPROCESSOR_DEFINITIONS = (
					"DEBUG=1",
					"$(inherited)",
				);
				GCC_WARN_64_TO_32_BIT_CONVERSION = YES;
				GCC_WARN_ABOUT_RETURN_TYPE = YES_ERROR;
				GCC_WARN_UNDECLARED_SELECTOR = YES;
				GCC_WARN_UNINITIALIZED_AUTOS = YES_AGGRESSIVE;
				GCC_WARN_UNUSED_FUNCTION = YES;
				GCC_WARN_UNUSED_VARIABLE = YES;
				MACOSX_DEPLOYMENT_TARGET = 10.13;
				MTL_ENABLE_DEBUG_INFO = YES;
				ONLY_ACTIVE_ARCH = YES;
				SDKROOT = macosx;
				SWIFT_ACTIVE_COMPILATION_CONDITIONS = DEBUG;
				SWIFT_OPTIMIZATION_LEVEL = "-Onone";
			};
			name = Debug;
		};
		27201549208E0673001205A3 /* Release */ = {
			isa = XCBuildConfiguration;
			buildSettings = {
				ALWAYS_SEARCH_USER_PATHS = NO;
				CLANG_ANALYZER_NONNULL = YES;
				CLANG_ANALYZER_NUMBER_OBJECT_CONVERSION = YES_AGGRESSIVE;
				CLANG_CXX_LANGUAGE_STANDARD = "gnu++14";
				CLANG_CXX_LIBRARY = "libc++";
				CLANG_ENABLE_MODULES = YES;
				CLANG_ENABLE_OBJC_ARC = YES;
				CLANG_ENABLE_OBJC_WEAK = YES;
				CLANG_WARN_BLOCK_CAPTURE_AUTORELEASING = YES;
				CLANG_WARN_BOOL_CONVERSION = YES;
				CLANG_WARN_COMMA = YES;
				CLANG_WARN_CONSTANT_CONVERSION = YES;
				CLANG_WARN_DEPRECATED_OBJC_IMPLEMENTATIONS = YES;
				CLANG_WARN_DIRECT_OBJC_ISA_USAGE = YES_ERROR;
				CLANG_WARN_DOCUMENTATION_COMMENTS = YES;
				CLANG_WARN_EMPTY_BODY = YES;
				CLANG_WARN_ENUM_CONVERSION = YES;
				CLANG_WARN_INFINITE_RECURSION = YES;
				CLANG_WARN_INT_CONVERSION = YES;
				CLANG_WARN_NON_LITERAL_NULL_CONVERSION = YES;
				CLANG_WARN_OBJC_IMPLICIT_RETAIN_SELF = YES;
				CLANG_WARN_OBJC_LITERAL_CONVERSION = YES;
				CLANG_WARN_OBJC_ROOT_CLASS = YES_ERROR;
				CLANG_WARN_RANGE_LOOP_ANALYSIS = YES;
				CLANG_WARN_STRICT_PROTOTYPES = YES;
				CLANG_WARN_SUSPICIOUS_MOVE = YES;
				CLANG_WARN_UNGUARDED_AVAILABILITY = YES_AGGRESSIVE;
				CLANG_WARN_UNREACHABLE_CODE = YES;
				CLANG_WARN__DUPLICATE_METHOD_MATCH = YES;
				CODE_SIGN_IDENTITY = "-";
				COPY_PHASE_STRIP = NO;
				DEBUG_INFORMATION_FORMAT = "dwarf-with-dsym";
				ENABLE_NS_ASSERTIONS = NO;
				ENABLE_STRICT_OBJC_MSGSEND = YES;
				GCC_C_LANGUAGE_STANDARD = gnu11;
				GCC_NO_COMMON_BLOCKS = YES;
				GCC_WARN_64_TO_32_BIT_CONVERSION = YES;
				GCC_WARN_ABOUT_RETURN_TYPE = YES_ERROR;
				GCC_WARN_UNDECLARED_SELECTOR = YES;
				GCC_WARN_UNINITIALIZED_AUTOS = YES_AGGRESSIVE;
				GCC_WARN_UNUSED_FUNCTION = YES;
				GCC_WARN_UNUSED_VARIABLE = YES;
				MACOSX_DEPLOYMENT_TARGET = 10.13;
				MTL_ENABLE_DEBUG_INFO = NO;
				SDKROOT = macosx;
				SWIFT_COMPILATION_MODE = wholemodule;
				SWIFT_OPTIMIZATION_LEVEL = "-O";
			};
			name = Release;
		};
		2720154B208E0673001205A3 /* Debug */ = {
			isa = XCBuildConfiguration;
			buildSettings = {
				CODE_SIGN_STYLE = Automatic;
				FRAMEWORK_SEARCH_PATHS = "$(inherited)";
				PRODUCT_NAME = "$(TARGET_NAME)";
				SWIFT_OBJC_BRIDGING_HEADER = "Libraries/include/Bridging-Header.h";
				SWIFT_VERSION = 4.0;
				SYSTEM_HEADER_SEARCH_PATHS = Libraries/include;
			};
			name = Debug;
		};
		2720154C208E0673001205A3 /* Release */ = {
			isa = XCBuildConfiguration;
			buildSettings = {
				CODE_SIGN_STYLE = Automatic;
				FRAMEWORK_SEARCH_PATHS = "$(inherited)";
				PRODUCT_NAME = "$(TARGET_NAME)";
				SWIFT_OBJC_BRIDGING_HEADER = "Libraries/include/Bridging-Header.h";
				SWIFT_VERSION = 4.0;
				SYSTEM_HEADER_SEARCH_PATHS = Libraries/include;
			};
			name = Release;
		};
/* End XCBuildConfiguration section */

/* Begin XCConfigurationList section */
		2720153E208E0673001205A3 /* Build configuration list for PBXProject "SwiftyEOS" */ = {
			isa = XCConfigurationList;
			buildConfigurations = (
				27201548208E0673001205A3 /* Debug */,
				27201549208E0673001205A3 /* Release */,
			);
			defaultConfigurationIsVisible = 0;
			defaultConfigurationName = Release;
		};
		2720154A208E0673001205A3 /* Build configuration list for PBXNativeTarget "SwiftyEOS" */ = {
			isa = XCConfigurationList;
			buildConfigurations = (
				2720154B208E0673001205A3 /* Debug */,
				2720154C208E0673001205A3 /* Release */,
			);
			defaultConfigurationIsVisible = 0;
			defaultConfigurationName = Release;
		};
/* End XCConfigurationList section */
	};
	rootObject = 2720153B208E0673001205A3 /* Project object */;
}
