// !$*UTF8*$!
{
	archiveVersion = 1;
	classes = {
	};
	objectVersion = 50;
	objects = {

/* Begin PBXBuildFile section */
		1F95866B214B63B7000F01FB /* AccountUtil.swift in Sources */ = {isa = PBXBuildFile; fileRef = 1F95866A214B63B7000F01FB /* AccountUtil.swift */; };
		270DD57A20FEEACA00C6763B /* AppDelegate.swift in Sources */ = {isa = PBXBuildFile; fileRef = 270DD57920FEEACA00C6763B /* AppDelegate.swift */; };
		270DD57C20FEEACA00C6763B /* ViewController.swift in Sources */ = {isa = PBXBuildFile; fileRef = 270DD57B20FEEACA00C6763B /* ViewController.swift */; };
		270DD57F20FEEACA00C6763B /* Main.storyboard in Resources */ = {isa = PBXBuildFile; fileRef = 270DD57D20FEEACA00C6763B /* Main.storyboard */; };
		270DD58120FEEACC00C6763B /* Assets.xcassets in Resources */ = {isa = PBXBuildFile; fileRef = 270DD58020FEEACC00C6763B /* Assets.xcassets */; };
		270DD58420FEEACC00C6763B /* LaunchScreen.storyboard in Resources */ = {isa = PBXBuildFile; fileRef = 270DD58220FEEACC00C6763B /* LaunchScreen.storyboard */; };
		270DD58920FEEB4F00C6763B /* SEWallet.swift in Sources */ = {isa = PBXBuildFile; fileRef = 270DD57120FEE72D00C6763B /* SEWallet.swift */; };
		270DD58A20FF2EA200C6763B /* PublicKey.swift in Sources */ = {isa = PBXBuildFile; fileRef = 27FC74F720BD10B900435C50 /* PublicKey.swift */; };
		270DD58B20FF39F100C6763B /* KeyPair.swift in Sources */ = {isa = PBXBuildFile; fileRef = 27FC74F620BD10B900435C50 /* KeyPair.swift */; };
		270DD58C20FF3A2600C6763B /* PrivateKey.swift in Sources */ = {isa = PBXBuildFile; fileRef = 27FC74F820BD10B900435C50 /* PrivateKey.swift */; };
		270DD58D20FF3A2F00C6763B /* Crypto.swift in Sources */ = {isa = PBXBuildFile; fileRef = 27FC74DA20BD10B800435C50 /* Crypto.swift */; };
		270DD58F20FF428F00C6763B /* ripemd160.c in Sources */ = {isa = PBXBuildFile; fileRef = 27FC74F220BD10B900435C50 /* ripemd160.c */; };
		270DD59020FF429200C6763B /* uECC.c in Sources */ = {isa = PBXBuildFile; fileRef = 27FC74F320BD10B900435C50 /* uECC.c */; };
		270DD59120FF429400C6763B /* base58.c in Sources */ = {isa = PBXBuildFile; fileRef = 27FC74F420BD10B900435C50 /* base58.c */; };
		270DD59421007A7400C6763B /* HistoryRouter.swift in Sources */ = {isa = PBXBuildFile; fileRef = 270DD59321007A7400C6763B /* HistoryRouter.swift */; };
		270DD59621007A8200C6763B /* EOSRPC+History.swift in Sources */ = {isa = PBXBuildFile; fileRef = 270DD59521007A8200C6763B /* EOSRPC+History.swift */; };
		270DD59C2100903600C6763B /* ChainRouter.swift in Sources */ = {isa = PBXBuildFile; fileRef = 27FC74E220BD10B900435C50 /* ChainRouter.swift */; };
		270DD59D2100904100C6763B /* EOSRPC+Chain.swift in Sources */ = {isa = PBXBuildFile; fileRef = 27FC74E320BD10B900435C50 /* EOSRPC+Chain.swift */; };
		270DD59E2100904300C6763B /* EOSRPC+History.swift in Sources */ = {isa = PBXBuildFile; fileRef = 270DD59521007A8200C6763B /* EOSRPC+History.swift */; };
		270DD59F2100904500C6763B /* HistoryRouter.swift in Sources */ = {isa = PBXBuildFile; fileRef = 270DD59321007A7400C6763B /* HistoryRouter.swift */; };
		270DD5A02100904700C6763B /* EOSRPC.swift in Sources */ = {isa = PBXBuildFile; fileRef = 27FC74E520BD10B900435C50 /* EOSRPC.swift */; };
		270DD5A12100904A00C6763B /* BaseRouter.swift in Sources */ = {isa = PBXBuildFile; fileRef = 27FC74E620BD10B900435C50 /* BaseRouter.swift */; };
		270DD5A22100904E00C6763B /* ChainModels.swift in Sources */ = {isa = PBXBuildFile; fileRef = 27FC74FA20BD10B900435C50 /* ChainModels.swift */; };
		270DD5A32100905100C6763B /* BigInt.swift in Sources */ = {isa = PBXBuildFile; fileRef = 27FC74FB20BD10B900435C50 /* BigInt.swift */; };
		270DD5A42100905400C6763B /* Error.swift in Sources */ = {isa = PBXBuildFile; fileRef = 2783777920F8A308003CC8DB /* Error.swift */; };
		270DD5A52100905A00C6763B /* Currency.swift in Sources */ = {isa = PBXBuildFile; fileRef = 27FC74DD20BD10B800435C50 /* Currency.swift */; };
		27107CCF2133F42400FDB599 /* ResourceUtil.swift in Sources */ = {isa = PBXBuildFile; fileRef = 27107CCE2133F42400FDB599 /* ResourceUtil.swift */; };
		27107CD02135329B00FDB599 /* ResourceUtil.swift in Sources */ = {isa = PBXBuildFile; fileRef = 27107CCE2133F42400FDB599 /* ResourceUtil.swift */; };
		27107CD12135330100FDB599 /* Transaction.swift in Sources */ = {isa = PBXBuildFile; fileRef = 2720E71821254CF200643AE6 /* Transaction.swift */; };
		27107CD22135330C00FDB599 /* TransactionUtil.swift in Sources */ = {isa = PBXBuildFile; fileRef = 2720E71A21257D9E00643AE6 /* TransactionUtil.swift */; };
		27107CD32135334400FDB599 /* AnyCodable.swift in Sources */ = {isa = PBXBuildFile; fileRef = 27FC751320BD247700435C50 /* AnyCodable.swift */; };
		27107CD42135334900FDB599 /* AnyDecodable.swift in Sources */ = {isa = PBXBuildFile; fileRef = 27FC751220BD247700435C50 /* AnyDecodable.swift */; };
		27107CD62135334E00FDB599 /* AnyEncodable.swift in Sources */ = {isa = PBXBuildFile; fileRef = 27FC751420BD247700435C50 /* AnyEncodable.swift */; };
		2719729F218F5DE800CFF288 /* Contract.swift in Sources */ = {isa = PBXBuildFile; fileRef = 2719729E218F5DE800CFF288 /* Contract.swift */; };
		271972A3219004FF00CFF288 /* Contract.swift in Sources */ = {isa = PBXBuildFile; fileRef = 2719729E218F5DE800CFF288 /* Contract.swift */; };
		2720E71921254CF200643AE6 /* Transaction.swift in Sources */ = {isa = PBXBuildFile; fileRef = 2720E71821254CF200643AE6 /* Transaction.swift */; };
		2720E71B21257D9E00643AE6 /* TransactionUtil.swift in Sources */ = {isa = PBXBuildFile; fileRef = 2720E71A21257D9E00643AE6 /* TransactionUtil.swift */; };
		273077702191693C0099E6B0 /* bip32.c in Sources */ = {isa = PBXBuildFile; fileRef = 2730776E2191693C0099E6B0 /* bip32.c */; };
		273077712191693C0099E6B0 /* bip39.c in Sources */ = {isa = PBXBuildFile; fileRef = 2730776F2191693C0099E6B0 /* bip39.c */; };
		2730777421916A9C0099E6B0 /* ecdsa.c in Sources */ = {isa = PBXBuildFile; fileRef = 2730777321916A9B0099E6B0 /* ecdsa.c */; };
		2730777721916AC00099E6B0 /* bignum.c in Sources */ = {isa = PBXBuildFile; fileRef = 2730777621916AC00099E6B0 /* bignum.c */; };
		2730778221916B8D0099E6B0 /* rand.c in Sources */ = {isa = PBXBuildFile; fileRef = 2730777E21916B8D0099E6B0 /* rand.c */; };
		2730778321916B8D0099E6B0 /* pbkdf2.c in Sources */ = {isa = PBXBuildFile; fileRef = 2730777F21916B8D0099E6B0 /* pbkdf2.c */; };
		2730778421916B8D0099E6B0 /* hmac.c in Sources */ = {isa = PBXBuildFile; fileRef = 2730778021916B8D0099E6B0 /* hmac.c */; };
		2730778521916B8D0099E6B0 /* sha2.c in Sources */ = {isa = PBXBuildFile; fileRef = 2730778121916B8D0099E6B0 /* sha2.c */; };
		2730778D21916C1B0099E6B0 /* secp256k1.c in Sources */ = {isa = PBXBuildFile; fileRef = 2730778A21916C1A0099E6B0 /* secp256k1.c */; };
		2730778E21916C1B0099E6B0 /* sha3.c in Sources */ = {isa = PBXBuildFile; fileRef = 2730778B21916C1A0099E6B0 /* sha3.c */; };
		2730778F21916C1B0099E6B0 /* curves.c in Sources */ = {isa = PBXBuildFile; fileRef = 2730778C21916C1A0099E6B0 /* curves.c */; };
		275883A121140CFC00A80837 /* SwiftyEOSTest.swift in Sources */ = {isa = PBXBuildFile; fileRef = 275883A021140CFC00A80837 /* SwiftyEOSTest.swift */; };
		275883A821144B0000A80837 /* uECC.c in Sources */ = {isa = PBXBuildFile; fileRef = 27FC74F320BD10B900435C50 /* uECC.c */; };
		275883A921144B0300A80837 /* base58.c in Sources */ = {isa = PBXBuildFile; fileRef = 27FC74F420BD10B900435C50 /* base58.c */; };
		275883AA21144B1800A80837 /* PrivateKey.swift in Sources */ = {isa = PBXBuildFile; fileRef = 27FC74F820BD10B900435C50 /* PrivateKey.swift */; };
		275883AB21144B1B00A80837 /* PublicKey.swift in Sources */ = {isa = PBXBuildFile; fileRef = 27FC74F720BD10B900435C50 /* PublicKey.swift */; };
		275883AC21144B1E00A80837 /* KeyPair.swift in Sources */ = {isa = PBXBuildFile; fileRef = 27FC74F620BD10B900435C50 /* KeyPair.swift */; };
		275883AD21144B2200A80837 /* Currency.swift in Sources */ = {isa = PBXBuildFile; fileRef = 27FC74DD20BD10B800435C50 /* Currency.swift */; };
		275883AE21144B2500A80837 /* Crypto.swift in Sources */ = {isa = PBXBuildFile; fileRef = 27FC74DA20BD10B800435C50 /* Crypto.swift */; };
		275883B0211450E600A80837 /* EOSRPC.swift in Sources */ = {isa = PBXBuildFile; fileRef = 27FC74E520BD10B900435C50 /* EOSRPC.swift */; };
		275883B1211450E800A80837 /* BaseRouter.swift in Sources */ = {isa = PBXBuildFile; fileRef = 27FC74E620BD10B900435C50 /* BaseRouter.swift */; };
		275883B2211450EB00A80837 /* EOSRPC+Chain.swift in Sources */ = {isa = PBXBuildFile; fileRef = 27FC74E320BD10B900435C50 /* EOSRPC+Chain.swift */; };
		275883B3211450EE00A80837 /* ChainRouter.swift in Sources */ = {isa = PBXBuildFile; fileRef = 27FC74E220BD10B900435C50 /* ChainRouter.swift */; };
		275883B4211450F000A80837 /* HistoryRouter.swift in Sources */ = {isa = PBXBuildFile; fileRef = 270DD59321007A7400C6763B /* HistoryRouter.swift */; };
		275883B5211450F200A80837 /* EOSRPC+History.swift in Sources */ = {isa = PBXBuildFile; fileRef = 270DD59521007A8200C6763B /* EOSRPC+History.swift */; };
		275883B6211450FB00A80837 /* ChainModels.swift in Sources */ = {isa = PBXBuildFile; fileRef = 27FC74FA20BD10B900435C50 /* ChainModels.swift */; };
		275883B7211450FE00A80837 /* BigInt.swift in Sources */ = {isa = PBXBuildFile; fileRef = 27FC74FB20BD10B900435C50 /* BigInt.swift */; };
		275883B82114510100A80837 /* Error.swift in Sources */ = {isa = PBXBuildFile; fileRef = 2783777920F8A308003CC8DB /* Error.swift */; };
		2783777A20F8A308003CC8DB /* Error.swift in Sources */ = {isa = PBXBuildFile; fileRef = 2783777920F8A308003CC8DB /* Error.swift */; };
		278D33BA215A3F1F00713115 /* AppDelegate.swift in Sources */ = {isa = PBXBuildFile; fileRef = 278D33B9215A3F1F00713115 /* AppDelegate.swift */; };
		278D33BC215A3F1F00713115 /* ViewController.swift in Sources */ = {isa = PBXBuildFile; fileRef = 278D33BB215A3F1F00713115 /* ViewController.swift */; };
		278D33BE215A3F2100713115 /* Assets.xcassets in Resources */ = {isa = PBXBuildFile; fileRef = 278D33BD215A3F2100713115 /* Assets.xcassets */; };
		278D33C1215A3F2100713115 /* Main.storyboard in Resources */ = {isa = PBXBuildFile; fileRef = 278D33BF215A3F2100713115 /* Main.storyboard */; };
		278D33CC215A459000713115 /* FeatureListViewController.swift in Sources */ = {isa = PBXBuildFile; fileRef = 278D33CB215A459000713115 /* FeatureListViewController.swift */; };
		279BCF6021941BE80089F1DA /* curves.c in Sources */ = {isa = PBXBuildFile; fileRef = 2730778C21916C1A0099E6B0 /* curves.c */; };
		279BCF6121941BEB0089F1DA /* secp256k1.c in Sources */ = {isa = PBXBuildFile; fileRef = 2730778A21916C1A0099E6B0 /* secp256k1.c */; };
		279BCF6221941BEF0089F1DA /* sha3.c in Sources */ = {isa = PBXBuildFile; fileRef = 2730778B21916C1A0099E6B0 /* sha3.c */; };
		279BCF6321941BF10089F1DA /* hmac.c in Sources */ = {isa = PBXBuildFile; fileRef = 2730778021916B8D0099E6B0 /* hmac.c */; };
		279BCF6421941BF40089F1DA /* pbkdf2.c in Sources */ = {isa = PBXBuildFile; fileRef = 2730777F21916B8D0099E6B0 /* pbkdf2.c */; };
		279BCF6521941BF60089F1DA /* rand.c in Sources */ = {isa = PBXBuildFile; fileRef = 2730777E21916B8D0099E6B0 /* rand.c */; };
		279BCF6621941BF90089F1DA /* sha2.c in Sources */ = {isa = PBXBuildFile; fileRef = 2730778121916B8D0099E6B0 /* sha2.c */; };
		279BCF6721941BFB0089F1DA /* bignum.c in Sources */ = {isa = PBXBuildFile; fileRef = 2730777621916AC00099E6B0 /* bignum.c */; };
		279BCF6821941BFD0089F1DA /* ecdsa.c in Sources */ = {isa = PBXBuildFile; fileRef = 2730777321916A9B0099E6B0 /* ecdsa.c */; };
		279BCF6921941C000089F1DA /* bip32.c in Sources */ = {isa = PBXBuildFile; fileRef = 2730776E2191693C0099E6B0 /* bip32.c */; };
		279BCF6A21941C020089F1DA /* bip39.c in Sources */ = {isa = PBXBuildFile; fileRef = 2730776F2191693C0099E6B0 /* bip39.c */; };
		279BCF6B21941C060089F1DA /* ripemd160.c in Sources */ = {isa = PBXBuildFile; fileRef = 27FC74F220BD10B900435C50 /* ripemd160.c */; };
		27FC74FD20BD10B900435C50 /* Crypto.swift in Sources */ = {isa = PBXBuildFile; fileRef = 27FC74DA20BD10B800435C50 /* Crypto.swift */; };
		27FC74FE20BD10B900435C50 /* Currency.swift in Sources */ = {isa = PBXBuildFile; fileRef = 27FC74DD20BD10B800435C50 /* Currency.swift */; };
		27FC74FF20BD10B900435C50 /* Signature.swift in Sources */ = {isa = PBXBuildFile; fileRef = 27FC74DF20BD10B900435C50 /* Signature.swift */; };
		27FC750020BD10B900435C50 /* ChainRouter.swift in Sources */ = {isa = PBXBuildFile; fileRef = 27FC74E220BD10B900435C50 /* ChainRouter.swift */; };
		27FC750120BD10B900435C50 /* EOSRPC+Chain.swift in Sources */ = {isa = PBXBuildFile; fileRef = 27FC74E320BD10B900435C50 /* EOSRPC+Chain.swift */; };
		27FC750220BD10B900435C50 /* EOSRPC.swift in Sources */ = {isa = PBXBuildFile; fileRef = 27FC74E520BD10B900435C50 /* EOSRPC.swift */; };
		27FC750320BD10B900435C50 /* BaseRouter.swift in Sources */ = {isa = PBXBuildFile; fileRef = 27FC74E620BD10B900435C50 /* BaseRouter.swift */; };
		27FC750620BD10B900435C50 /* ripemd160.c in Sources */ = {isa = PBXBuildFile; fileRef = 27FC74F220BD10B900435C50 /* ripemd160.c */; };
		27FC750720BD10B900435C50 /* uECC.c in Sources */ = {isa = PBXBuildFile; fileRef = 27FC74F320BD10B900435C50 /* uECC.c */; };
		27FC750820BD10B900435C50 /* base58.c in Sources */ = {isa = PBXBuildFile; fileRef = 27FC74F420BD10B900435C50 /* base58.c */; };
		27FC750920BD10B900435C50 /* KeyPair.swift in Sources */ = {isa = PBXBuildFile; fileRef = 27FC74F620BD10B900435C50 /* KeyPair.swift */; };
		27FC750A20BD10B900435C50 /* PublicKey.swift in Sources */ = {isa = PBXBuildFile; fileRef = 27FC74F720BD10B900435C50 /* PublicKey.swift */; };
		27FC750B20BD10B900435C50 /* PrivateKey.swift in Sources */ = {isa = PBXBuildFile; fileRef = 27FC74F820BD10B900435C50 /* PrivateKey.swift */; };
		27FC750C20BD10B900435C50 /* ChainModels.swift in Sources */ = {isa = PBXBuildFile; fileRef = 27FC74FA20BD10B900435C50 /* ChainModels.swift */; };
		27FC750D20BD10B900435C50 /* BigInt.swift in Sources */ = {isa = PBXBuildFile; fileRef = 27FC74FB20BD10B900435C50 /* BigInt.swift */; };
		27FC750E20BD10B900435C50 /* main.swift in Sources */ = {isa = PBXBuildFile; fileRef = 27FC74FC20BD10B900435C50 /* main.swift */; };
		27FC751520BD247700435C50 /* AnyDecodable.swift in Sources */ = {isa = PBXBuildFile; fileRef = 27FC751220BD247700435C50 /* AnyDecodable.swift */; };
		27FC751620BD247700435C50 /* AnyCodable.swift in Sources */ = {isa = PBXBuildFile; fileRef = 27FC751320BD247700435C50 /* AnyCodable.swift */; };
		27FC751720BD247700435C50 /* AnyEncodable.swift in Sources */ = {isa = PBXBuildFile; fileRef = 27FC751420BD247700435C50 /* AnyEncodable.swift */; };
/* End PBXBuildFile section */

/* Begin PBXBuildRule section */
		1FA21835215E48910074315F /* PBXBuildRule */ = {
			isa = PBXBuildRule;
			compilerSpec = com.apple.compilers.proxy.script;
			fileType = pattern.proxy;
			isEditable = 1;
			outputFiles = (
			);
			script = "# Type a script or drag a script file from your workspace to insert its path.\n";
		};
/* End PBXBuildRule section */

/* Begin PBXCopyFilesBuildPhase section */
		27201541208E0673001205A3 /* CopyFiles */ = {
			isa = PBXCopyFilesBuildPhase;
			buildActionMask = 2147483647;
			dstPath = /usr/share/man/man1/;
			dstSubfolderSpec = 0;
			files = (
			);
			runOnlyForDeploymentPostprocessing = 1;
		};
/* End PBXCopyFilesBuildPhase section */

/* Begin PBXFileReference section */
		1F95866A214B63B7000F01FB /* AccountUtil.swift */ = {isa = PBXFileReference; fileEncoding = 4; lastKnownFileType = sourcecode.swift; path = AccountUtil.swift; sourceTree = "<group>"; };
		270DD57120FEE72D00C6763B /* SEWallet.swift */ = {isa = PBXFileReference; lastKnownFileType = sourcecode.swift; path = SEWallet.swift; sourceTree = "<group>"; };
		270DD57720FEEACA00C6763B /* SwiftyEOS-iOS-Example.app */ = {isa = PBXFileReference; explicitFileType = wrapper.application; includeInIndex = 0; path = "SwiftyEOS-iOS-Example.app"; sourceTree = BUILT_PRODUCTS_DIR; };
		270DD57920FEEACA00C6763B /* AppDelegate.swift */ = {isa = PBXFileReference; lastKnownFileType = sourcecode.swift; path = AppDelegate.swift; sourceTree = "<group>"; };
		270DD57B20FEEACA00C6763B /* ViewController.swift */ = {isa = PBXFileReference; lastKnownFileType = sourcecode.swift; path = ViewController.swift; sourceTree = "<group>"; };
		270DD57E20FEEACA00C6763B /* Base */ = {isa = PBXFileReference; lastKnownFileType = file.storyboard; name = Base; path = Base.lproj/Main.storyboard; sourceTree = "<group>"; };
		270DD58020FEEACC00C6763B /* Assets.xcassets */ = {isa = PBXFileReference; lastKnownFileType = folder.assetcatalog; path = Assets.xcassets; sourceTree = "<group>"; };
		270DD58320FEEACC00C6763B /* Base */ = {isa = PBXFileReference; lastKnownFileType = file.storyboard; name = Base; path = Base.lproj/LaunchScreen.storyboard; sourceTree = "<group>"; };
		270DD58520FEEACC00C6763B /* Info.plist */ = {isa = PBXFileReference; lastKnownFileType = text.plist.xml; path = Info.plist; sourceTree = "<group>"; };
		270DD58E20FF3AE600C6763B /* Bridging-Header.h */ = {isa = PBXFileReference; lastKnownFileType = sourcecode.c.h; path = "Bridging-Header.h"; sourceTree = "<group>"; };
		270DD59321007A7400C6763B /* HistoryRouter.swift */ = {isa = PBXFileReference; lastKnownFileType = sourcecode.swift; path = HistoryRouter.swift; sourceTree = "<group>"; };
		270DD59521007A8200C6763B /* EOSRPC+History.swift */ = {isa = PBXFileReference; lastKnownFileType = sourcecode.swift; path = "EOSRPC+History.swift"; sourceTree = "<group>"; };
		27107CCE2133F42400FDB599 /* ResourceUtil.swift */ = {isa = PBXFileReference; lastKnownFileType = sourcecode.swift; path = ResourceUtil.swift; sourceTree = "<group>"; };
		2719729E218F5DE800CFF288 /* Contract.swift */ = {isa = PBXFileReference; lastKnownFileType = sourcecode.swift; path = Contract.swift; sourceTree = "<group>"; };
		27201543208E0673001205A3 /* SwiftyEOS */ = {isa = PBXFileReference; explicitFileType = "compiled.mach-o.executable"; includeInIndex = 0; path = SwiftyEOS; sourceTree = BUILT_PRODUCTS_DIR; };
		2720E71821254CF200643AE6 /* Transaction.swift */ = {isa = PBXFileReference; lastKnownFileType = sourcecode.swift; path = Transaction.swift; sourceTree = "<group>"; };
		2720E71A21257D9E00643AE6 /* TransactionUtil.swift */ = {isa = PBXFileReference; lastKnownFileType = sourcecode.swift; path = TransactionUtil.swift; sourceTree = "<group>"; };
		2730776C219169330099E6B0 /* bip32.h */ = {isa = PBXFileReference; fileEncoding = 4; lastKnownFileType = sourcecode.c.h; path = bip32.h; sourceTree = "<group>"; };
		2730776D219169330099E6B0 /* bip39.h */ = {isa = PBXFileReference; fileEncoding = 4; lastKnownFileType = sourcecode.c.h; path = bip39.h; sourceTree = "<group>"; };
		2730776E2191693C0099E6B0 /* bip32.c */ = {isa = PBXFileReference; fileEncoding = 4; lastKnownFileType = sourcecode.c.c; path = bip32.c; sourceTree = "<group>"; };
		2730776F2191693C0099E6B0 /* bip39.c */ = {isa = PBXFileReference; fileEncoding = 4; lastKnownFileType = sourcecode.c.c; path = bip39.c; sourceTree = "<group>"; };
		2730777221916A950099E6B0 /* ecdsa.h */ = {isa = PBXFileReference; lastKnownFileType = sourcecode.c.h; path = ecdsa.h; sourceTree = "<group>"; };
		2730777321916A9B0099E6B0 /* ecdsa.c */ = {isa = PBXFileReference; fileEncoding = 4; lastKnownFileType = sourcecode.c.c; path = ecdsa.c; sourceTree = "<group>"; };
		2730777521916AAA0099E6B0 /* options.h */ = {isa = PBXFileReference; lastKnownFileType = sourcecode.c.h; path = options.h; sourceTree = "<group>"; };
		2730777621916AC00099E6B0 /* bignum.c */ = {isa = PBXFileReference; fileEncoding = 4; lastKnownFileType = sourcecode.c.c; path = bignum.c; sourceTree = "<group>"; };
		2730777821916AC50099E6B0 /* bignum.h */ = {isa = PBXFileReference; lastKnownFileType = sourcecode.c.h; path = bignum.h; sourceTree = "<group>"; };
		2730777921916B790099E6B0 /* bip39_english.h */ = {isa = PBXFileReference; lastKnownFileType = sourcecode.c.h; path = bip39_english.h; sourceTree = "<group>"; };
		2730777A21916B790099E6B0 /* rand.h */ = {isa = PBXFileReference; lastKnownFileType = sourcecode.c.h; path = rand.h; sourceTree = "<group>"; };
		2730777B21916B790099E6B0 /* sha2.h */ = {isa = PBXFileReference; lastKnownFileType = sourcecode.c.h; path = sha2.h; sourceTree = "<group>"; };
		2730777C21916B7A0099E6B0 /* hmac.h */ = {isa = PBXFileReference; lastKnownFileType = sourcecode.c.h; path = hmac.h; sourceTree = "<group>"; };
		2730777D21916B7A0099E6B0 /* pbkdf2.h */ = {isa = PBXFileReference; lastKnownFileType = sourcecode.c.h; path = pbkdf2.h; sourceTree = "<group>"; };
		2730777E21916B8D0099E6B0 /* rand.c */ = {isa = PBXFileReference; fileEncoding = 4; lastKnownFileType = sourcecode.c.c; path = rand.c; sourceTree = "<group>"; };
		2730777F21916B8D0099E6B0 /* pbkdf2.c */ = {isa = PBXFileReference; fileEncoding = 4; lastKnownFileType = sourcecode.c.c; path = pbkdf2.c; sourceTree = "<group>"; };
		2730778021916B8D0099E6B0 /* hmac.c */ = {isa = PBXFileReference; fileEncoding = 4; lastKnownFileType = sourcecode.c.c; path = hmac.c; sourceTree = "<group>"; };
		2730778121916B8D0099E6B0 /* sha2.c */ = {isa = PBXFileReference; fileEncoding = 4; lastKnownFileType = sourcecode.c.c; path = sha2.c; sourceTree = "<group>"; };
		2730778621916BC00099E6B0 /* macros.h */ = {isa = PBXFileReference; lastKnownFileType = sourcecode.c.h; path = macros.h; sourceTree = "<group>"; };
		2730778721916C100099E6B0 /* curves.h */ = {isa = PBXFileReference; lastKnownFileType = sourcecode.c.h; path = curves.h; sourceTree = "<group>"; };
		2730778821916C100099E6B0 /* secp256k1.h */ = {isa = PBXFileReference; lastKnownFileType = sourcecode.c.h; path = secp256k1.h; sourceTree = "<group>"; };
		2730778921916C110099E6B0 /* sha3.h */ = {isa = PBXFileReference; lastKnownFileType = sourcecode.c.h; path = sha3.h; sourceTree = "<group>"; };
		2730778A21916C1A0099E6B0 /* secp256k1.c */ = {isa = PBXFileReference; fileEncoding = 4; lastKnownFileType = sourcecode.c.c; path = secp256k1.c; sourceTree = "<group>"; };
		2730778B21916C1A0099E6B0 /* sha3.c */ = {isa = PBXFileReference; fileEncoding = 4; lastKnownFileType = sourcecode.c.c; path = sha3.c; sourceTree = "<group>"; };
		2730778C21916C1A0099E6B0 /* curves.c */ = {isa = PBXFileReference; fileEncoding = 4; lastKnownFileType = sourcecode.c.c; path = curves.c; sourceTree = "<group>"; };
		2758839E21140CFC00A80837 /* SwiftyEOSTest.xctest */ = {isa = PBXFileReference; explicitFileType = wrapper.cfbundle; includeInIndex = 0; path = SwiftyEOSTest.xctest; sourceTree = BUILT_PRODUCTS_DIR; };
		275883A021140CFC00A80837 /* SwiftyEOSTest.swift */ = {isa = PBXFileReference; lastKnownFileType = sourcecode.swift; path = SwiftyEOSTest.swift; sourceTree = "<group>"; };
		275883A221140CFC00A80837 /* Info.plist */ = {isa = PBXFileReference; lastKnownFileType = text.plist.xml; path = Info.plist; sourceTree = "<group>"; };
		275883B92114516A00A80837 /* Bridging-Header.h */ = {isa = PBXFileReference; lastKnownFileType = sourcecode.c.h; path = "Bridging-Header.h"; sourceTree = "<group>"; };
		2783777920F8A308003CC8DB /* Error.swift */ = {isa = PBXFileReference; lastKnownFileType = sourcecode.swift; path = Error.swift; sourceTree = "<group>"; };
		278D33B7215A3F1F00713115 /* Mako.app */ = {isa = PBXFileReference; explicitFileType = wrapper.application; includeInIndex = 0; path = Mako.app; sourceTree = BUILT_PRODUCTS_DIR; };
		278D33B9215A3F1F00713115 /* AppDelegate.swift */ = {isa = PBXFileReference; lastKnownFileType = sourcecode.swift; path = AppDelegate.swift; sourceTree = "<group>"; };
		278D33BB215A3F1F00713115 /* ViewController.swift */ = {isa = PBXFileReference; lastKnownFileType = sourcecode.swift; path = ViewController.swift; sourceTree = "<group>"; };
		278D33BD215A3F2100713115 /* Assets.xcassets */ = {isa = PBXFileReference; lastKnownFileType = folder.assetcatalog; path = Assets.xcassets; sourceTree = "<group>"; };
		278D33C0215A3F2100713115 /* Base */ = {isa = PBXFileReference; lastKnownFileType = file.storyboard; name = Base; path = Base.lproj/Main.storyboard; sourceTree = "<group>"; };
		278D33C2215A3F2100713115 /* Info.plist */ = {isa = PBXFileReference; lastKnownFileType = text.plist.xml; path = Info.plist; sourceTree = "<group>"; };
		278D33C3215A3F2100713115 /* Mako.entitlements */ = {isa = PBXFileReference; lastKnownFileType = text.plist.entitlements; path = Mako.entitlements; sourceTree = "<group>"; };
		278D33CB215A459000713115 /* FeatureListViewController.swift */ = {isa = PBXFileReference; lastKnownFileType = sourcecode.swift; path = FeatureListViewController.swift; sourceTree = "<group>"; };
		2790805E2109E247008BCCB7 /* asm_arm.inc.h */ = {isa = PBXFileReference; lastKnownFileType = sourcecode.c.h; path = asm_arm.inc.h; sourceTree = "<group>"; };
		279BCF5F219402570089F1DA /* secp256k1.table */ = {isa = PBXFileReference; fileEncoding = 4; lastKnownFileType = text; path = secp256k1.table; sourceTree = "<group>"; };
		27FC74DA20BD10B800435C50 /* Crypto.swift */ = {isa = PBXFileReference; fileEncoding = 4; lastKnownFileType = sourcecode.swift; path = Crypto.swift; sourceTree = "<group>"; };
		27FC74DD20BD10B800435C50 /* Currency.swift */ = {isa = PBXFileReference; fileEncoding = 4; lastKnownFileType = sourcecode.swift; path = Currency.swift; sourceTree = "<group>"; };
		27FC74DF20BD10B900435C50 /* Signature.swift */ = {isa = PBXFileReference; fileEncoding = 4; lastKnownFileType = sourcecode.swift; path = Signature.swift; sourceTree = "<group>"; };
		27FC74E220BD10B900435C50 /* ChainRouter.swift */ = {isa = PBXFileReference; fileEncoding = 4; lastKnownFileType = sourcecode.swift; path = ChainRouter.swift; sourceTree = "<group>"; };
		27FC74E320BD10B900435C50 /* EOSRPC+Chain.swift */ = {isa = PBXFileReference; fileEncoding = 4; lastKnownFileType = sourcecode.swift; path = "EOSRPC+Chain.swift"; sourceTree = "<group>"; };
		27FC74E520BD10B900435C50 /* EOSRPC.swift */ = {isa = PBXFileReference; fileEncoding = 4; lastKnownFileType = sourcecode.swift; path = EOSRPC.swift; sourceTree = "<group>"; };
		27FC74E620BD10B900435C50 /* BaseRouter.swift */ = {isa = PBXFileReference; fileEncoding = 4; lastKnownFileType = sourcecode.swift; path = BaseRouter.swift; sourceTree = "<group>"; };
		27FC74E920BD10B900435C50 /* uECC.h */ = {isa = PBXFileReference; fileEncoding = 4; lastKnownFileType = sourcecode.c.h; path = uECC.h; sourceTree = "<group>"; };
		27FC74EA20BD10B900435C50 /* ripemd160.h */ = {isa = PBXFileReference; fileEncoding = 4; lastKnownFileType = sourcecode.c.h; path = ripemd160.h; sourceTree = "<group>"; };
		27FC74EB20BD10B900435C50 /* uECC_vli.h */ = {isa = PBXFileReference; fileEncoding = 4; lastKnownFileType = sourcecode.c.h; path = uECC_vli.h; sourceTree = "<group>"; };
		27FC74EC20BD10B900435C50 /* libbase58.h */ = {isa = PBXFileReference; fileEncoding = 4; lastKnownFileType = sourcecode.c.h; path = libbase58.h; sourceTree = "<group>"; };
		27FC74ED20BD10B900435C50 /* curve-specific.inc */ = {isa = PBXFileReference; fileEncoding = 4; lastKnownFileType = sourcecode.pascal; path = "curve-specific.inc"; sourceTree = "<group>"; };
		27FC74EE20BD10B900435C50 /* types.h */ = {isa = PBXFileReference; fileEncoding = 4; lastKnownFileType = sourcecode.c.h; path = types.h; sourceTree = "<group>"; };
		27FC74EF20BD10B900435C50 /* platform-specific.inc */ = {isa = PBXFileReference; fileEncoding = 4; lastKnownFileType = sourcecode.pascal; path = "platform-specific.inc"; sourceTree = "<group>"; };
		27FC74F020BD10B900435C50 /* Bridging-Header.h */ = {isa = PBXFileReference; fileEncoding = 4; lastKnownFileType = sourcecode.c.h; path = "Bridging-Header.h"; sourceTree = "<group>"; };
		27FC74F220BD10B900435C50 /* ripemd160.c */ = {isa = PBXFileReference; fileEncoding = 4; lastKnownFileType = sourcecode.c.c; path = ripemd160.c; sourceTree = "<group>"; };
		27FC74F320BD10B900435C50 /* uECC.c */ = {isa = PBXFileReference; fileEncoding = 4; lastKnownFileType = sourcecode.c.c; path = uECC.c; sourceTree = "<group>"; };
		27FC74F420BD10B900435C50 /* base58.c */ = {isa = PBXFileReference; fileEncoding = 4; lastKnownFileType = sourcecode.c.c; path = base58.c; sourceTree = "<group>"; };
		27FC74F620BD10B900435C50 /* KeyPair.swift */ = {isa = PBXFileReference; fileEncoding = 4; lastKnownFileType = sourcecode.swift; path = KeyPair.swift; sourceTree = "<group>"; };
		27FC74F720BD10B900435C50 /* PublicKey.swift */ = {isa = PBXFileReference; fileEncoding = 4; lastKnownFileType = sourcecode.swift; path = PublicKey.swift; sourceTree = "<group>"; };
		27FC74F820BD10B900435C50 /* PrivateKey.swift */ = {isa = PBXFileReference; fileEncoding = 4; lastKnownFileType = sourcecode.swift; path = PrivateKey.swift; sourceTree = "<group>"; };
		27FC74FA20BD10B900435C50 /* ChainModels.swift */ = {isa = PBXFileReference; fileEncoding = 4; lastKnownFileType = sourcecode.swift; path = ChainModels.swift; sourceTree = "<group>"; };
		27FC74FB20BD10B900435C50 /* BigInt.swift */ = {isa = PBXFileReference; fileEncoding = 4; lastKnownFileType = sourcecode.swift; path = BigInt.swift; sourceTree = "<group>"; };
		27FC74FC20BD10B900435C50 /* main.swift */ = {isa = PBXFileReference; fileEncoding = 4; lastKnownFileType = sourcecode.swift; path = main.swift; sourceTree = "<group>"; };
		27FC751220BD247700435C50 /* AnyDecodable.swift */ = {isa = PBXFileReference; fileEncoding = 4; lastKnownFileType = sourcecode.swift; path = AnyDecodable.swift; sourceTree = "<group>"; };
		27FC751320BD247700435C50 /* AnyCodable.swift */ = {isa = PBXFileReference; fileEncoding = 4; lastKnownFileType = sourcecode.swift; path = AnyCodable.swift; sourceTree = "<group>"; };
		27FC751420BD247700435C50 /* AnyEncodable.swift */ = {isa = PBXFileReference; fileEncoding = 4; lastKnownFileType = sourcecode.swift; path = AnyEncodable.swift; sourceTree = "<group>"; };
/* End PBXFileReference section */

/* Begin PBXFrameworksBuildPhase section */
		270DD57420FEEACA00C6763B /* Frameworks */ = {
			isa = PBXFrameworksBuildPhase;
			buildActionMask = 2147483647;
			files = (
			);
			runOnlyForDeploymentPostprocessing = 0;
		};
		27201540208E0673001205A3 /* Frameworks */ = {
			isa = PBXFrameworksBuildPhase;
			buildActionMask = 2147483647;
			files = (
			);
			runOnlyForDeploymentPostprocessing = 0;
		};
		2758839B21140CFC00A80837 /* Frameworks */ = {
			isa = PBXFrameworksBuildPhase;
			buildActionMask = 2147483647;
			files = (
			);
			runOnlyForDeploymentPostprocessing = 0;
		};
		278D33B4215A3F1F00713115 /* Frameworks */ = {
			isa = PBXFrameworksBuildPhase;
			buildActionMask = 2147483647;
			files = (
			);
			runOnlyForDeploymentPostprocessing = 0;
		};
/* End PBXFrameworksBuildPhase section */

/* Begin PBXGroup section */
		1F958669214B63A0000F01FB /* account */ = {
			isa = PBXGroup;
			children = (
				1F95866A214B63B7000F01FB /* AccountUtil.swift */,
			);
			path = account;
			sourceTree = "<group>";
		};
		270DD56F20FEE6E100C6763B /* Utils */ = {
			isa = PBXGroup;
			children = (
				270DD57020FEE71400C6763B /* iOS */,
			);
			path = Utils;
			sourceTree = "<group>";
		};
		270DD57020FEE71400C6763B /* iOS */ = {
			isa = PBXGroup;
			children = (
				270DD57120FEE72D00C6763B /* SEWallet.swift */,
			);
			path = iOS;
			sourceTree = "<group>";
		};
		270DD57820FEEACA00C6763B /* SwiftyEOS-iOS-Example */ = {
			isa = PBXGroup;
			children = (
				270DD58E20FF3AE600C6763B /* Bridging-Header.h */,
				270DD57920FEEACA00C6763B /* AppDelegate.swift */,
				270DD57B20FEEACA00C6763B /* ViewController.swift */,
				270DD57D20FEEACA00C6763B /* Main.storyboard */,
				270DD58020FEEACC00C6763B /* Assets.xcassets */,
				270DD58220FEEACC00C6763B /* LaunchScreen.storyboard */,
				270DD58520FEEACC00C6763B /* Info.plist */,
			);
			path = "SwiftyEOS-iOS-Example";
			sourceTree = "<group>";
		};
		270DD59221007A6300C6763B /* History */ = {
			isa = PBXGroup;
			children = (
				270DD59321007A7400C6763B /* HistoryRouter.swift */,
				270DD59521007A8200C6763B /* EOSRPC+History.swift */,
			);
			path = History;
			sourceTree = "<group>";
		};
		27107CCD2133F40D00FDB599 /* resource */ = {
			isa = PBXGroup;
			children = (
				27107CCE2133F42400FDB599 /* ResourceUtil.swift */,
			);
			path = resource;
			sourceTree = "<group>";
		};
		2719729D218F5DD300CFF288 /* contract */ = {
			isa = PBXGroup;
			children = (
				2719729E218F5DE800CFF288 /* Contract.swift */,
			);
			path = contract;
			sourceTree = "<group>";
		};
		2720153A208E0673001205A3 = {
			isa = PBXGroup;
			children = (
				27FC74E720BD10B900435C50 /* Libraries */,
				27FC74D720BD10B800435C50 /* Sources */,
				270DD57820FEEACA00C6763B /* SwiftyEOS-iOS-Example */,
				2758839F21140CFC00A80837 /* SwiftyEOSTest */,
				278D33B8215A3F1F00713115 /* Mako */,
				27201544208E0673001205A3 /* Products */,
			);
			sourceTree = "<group>";
		};
		27201544208E0673001205A3 /* Products */ = {
			isa = PBXGroup;
			children = (
				27201543208E0673001205A3 /* SwiftyEOS */,
				270DD57720FEEACA00C6763B /* SwiftyEOS-iOS-Example.app */,
				2758839E21140CFC00A80837 /* SwiftyEOSTest.xctest */,
				278D33B7215A3F1F00713115 /* Mako.app */,
			);
			name = Products;
			sourceTree = "<group>";
		};
		2720E71721254A7E00643AE6 /* transaction */ = {
			isa = PBXGroup;
			children = (
				2720E71821254CF200643AE6 /* Transaction.swift */,
				2720E71A21257D9E00643AE6 /* TransactionUtil.swift */,
			);
			path = transaction;
			sourceTree = "<group>";
		};
		2758839F21140CFC00A80837 /* SwiftyEOSTest */ = {
			isa = PBXGroup;
			children = (
				275883A021140CFC00A80837 /* SwiftyEOSTest.swift */,
				275883A221140CFC00A80837 /* Info.plist */,
				275883B92114516A00A80837 /* Bridging-Header.h */,
			);
			path = SwiftyEOSTest;
			sourceTree = "<group>";
		};
		278D33B8215A3F1F00713115 /* Mako */ = {
			isa = PBXGroup;
			children = (
				278D33C7215A453000713115 /* ViewControllers */,
				278D33B9215A3F1F00713115 /* AppDelegate.swift */,
				278D33BB215A3F1F00713115 /* ViewController.swift */,
				278D33BD215A3F2100713115 /* Assets.xcassets */,
				278D33BF215A3F2100713115 /* Main.storyboard */,
				278D33C2215A3F2100713115 /* Info.plist */,
				278D33C3215A3F2100713115 /* Mako.entitlements */,
			);
			path = Mako;
			sourceTree = "<group>";
		};
		278D33C7215A453000713115 /* ViewControllers */ = {
			isa = PBXGroup;
			children = (
				278D33C9215A454200713115 /* Base */,
				278D33C8215A453A00713115 /* Home */,
			);
			path = ViewControllers;
			sourceTree = "<group>";
		};
		278D33C8215A453A00713115 /* Home */ = {
			isa = PBXGroup;
			children = (
				278D33CA215A455A00713115 /* FeatureList */,
			);
			path = Home;
			sourceTree = "<group>";
		};
		278D33C9215A454200713115 /* Base */ = {
			isa = PBXGroup;
			children = (
			);
			path = Base;
			sourceTree = "<group>";
		};
		278D33CA215A455A00713115 /* FeatureList */ = {
			isa = PBXGroup;
			children = (
				278D33CB215A459000713115 /* FeatureListViewController.swift */,
			);
			path = FeatureList;
			sourceTree = "<group>";
		};
		27FC74D720BD10B800435C50 /* Sources */ = {
			isa = PBXGroup;
			children = (
				270DD56F20FEE6E100C6763B /* Utils */,
				27FC751120BD247700435C50 /* AnyCodable */,
				27FC74D820BD10B800435C50 /* SwiftyEOS */,
			);
			path = Sources;
			sourceTree = "<group>";
		};
		27FC74D820BD10B800435C50 /* SwiftyEOS */ = {
			isa = PBXGroup;
			children = (
				27FC74D920BD10B800435C50 /* Crypto */,
				27FC74DB20BD10B800435C50 /* Contract */,
				27FC74DE20BD10B800435C50 /* Signature */,
				27FC74E020BD10B900435C50 /* Network */,
				27FC74F520BD10B900435C50 /* Key */,
				27FC74F920BD10B900435C50 /* Models */,
				27FC74FC20BD10B900435C50 /* main.swift */,
			);
			path = SwiftyEOS;
			sourceTree = "<group>";
		};
		27FC74D920BD10B800435C50 /* Crypto */ = {
			isa = PBXGroup;
			children = (
				27FC74DA20BD10B800435C50 /* Crypto.swift */,
			);
			path = Crypto;
			sourceTree = "<group>";
		};
		27FC74DB20BD10B800435C50 /* Contract */ = {
			isa = PBXGroup;
			children = (
				2719729D218F5DD300CFF288 /* contract */,
				1F958669214B63A0000F01FB /* account */,
				27107CCD2133F40D00FDB599 /* resource */,
				2720E71721254A7E00643AE6 /* transaction */,
				27FC74DC20BD10B800435C50 /* currency */,
			);
			path = Contract;
			sourceTree = "<group>";
		};
		27FC74DC20BD10B800435C50 /* currency */ = {
			isa = PBXGroup;
			children = (
				27FC74DD20BD10B800435C50 /* Currency.swift */,
			);
			path = currency;
			sourceTree = "<group>";
		};
		27FC74DE20BD10B800435C50 /* Signature */ = {
			isa = PBXGroup;
			children = (
				27FC74DF20BD10B900435C50 /* Signature.swift */,
			);
			path = Signature;
			sourceTree = "<group>";
		};
		27FC74E020BD10B900435C50 /* Network */ = {
			isa = PBXGroup;
			children = (
				270DD59221007A6300C6763B /* History */,
				27FC74E120BD10B900435C50 /* Chain */,
				27FC74E420BD10B900435C50 /* Base */,
			);
			path = Network;
			sourceTree = "<group>";
		};
		27FC74E120BD10B900435C50 /* Chain */ = {
			isa = PBXGroup;
			children = (
				27FC74E220BD10B900435C50 /* ChainRouter.swift */,
				27FC74E320BD10B900435C50 /* EOSRPC+Chain.swift */,
			);
			path = Chain;
			sourceTree = "<group>";
		};
		27FC74E420BD10B900435C50 /* Base */ = {
			isa = PBXGroup;
			children = (
				27FC74E520BD10B900435C50 /* EOSRPC.swift */,
				27FC74E620BD10B900435C50 /* BaseRouter.swift */,
			);
			path = Base;
			sourceTree = "<group>";
		};
		27FC74E720BD10B900435C50 /* Libraries */ = {
			isa = PBXGroup;
			children = (
				27FC74E820BD10B900435C50 /* include */,
				27FC74F120BD10B900435C50 /* src */,
			);
			path = Libraries;
			sourceTree = "<group>";
		};
		27FC74E820BD10B900435C50 /* include */ = {
			isa = PBXGroup;
			children = (
				279BCF5F219402570089F1DA /* secp256k1.table */,
				2730778721916C100099E6B0 /* curves.h */,
				2730778821916C100099E6B0 /* secp256k1.h */,
				2730778921916C110099E6B0 /* sha3.h */,
				2730778621916BC00099E6B0 /* macros.h */,
				2730777921916B790099E6B0 /* bip39_english.h */,
				2730777C21916B7A0099E6B0 /* hmac.h */,
				2730777D21916B7A0099E6B0 /* pbkdf2.h */,
				2730777A21916B790099E6B0 /* rand.h */,
				2730777B21916B790099E6B0 /* sha2.h */,
				2730777821916AC50099E6B0 /* bignum.h */,
				2730777521916AAA0099E6B0 /* options.h */,
				2730777221916A950099E6B0 /* ecdsa.h */,
				2730776C219169330099E6B0 /* bip32.h */,
				2730776D219169330099E6B0 /* bip39.h */,
				27FC74E920BD10B900435C50 /* uECC.h */,
				27FC74EA20BD10B900435C50 /* ripemd160.h */,
				27FC74EB20BD10B900435C50 /* uECC_vli.h */,
				27FC74EC20BD10B900435C50 /* libbase58.h */,
				27FC74ED20BD10B900435C50 /* curve-specific.inc */,
				27FC74EE20BD10B900435C50 /* types.h */,
				27FC74EF20BD10B900435C50 /* platform-specific.inc */,
				27FC74F020BD10B900435C50 /* Bridging-Header.h */,
				2790805E2109E247008BCCB7 /* asm_arm.inc.h */,
			);
			path = include;
			sourceTree = "<group>";
		};
		27FC74F120BD10B900435C50 /* src */ = {
			isa = PBXGroup;
			children = (
				2730778C21916C1A0099E6B0 /* curves.c */,
				2730778A21916C1A0099E6B0 /* secp256k1.c */,
				2730778B21916C1A0099E6B0 /* sha3.c */,
				2730778021916B8D0099E6B0 /* hmac.c */,
				2730777F21916B8D0099E6B0 /* pbkdf2.c */,
				2730777E21916B8D0099E6B0 /* rand.c */,
				2730778121916B8D0099E6B0 /* sha2.c */,
				2730777621916AC00099E6B0 /* bignum.c */,
				2730777321916A9B0099E6B0 /* ecdsa.c */,
				2730776E2191693C0099E6B0 /* bip32.c */,
				2730776F2191693C0099E6B0 /* bip39.c */,
				27FC74F220BD10B900435C50 /* ripemd160.c */,
				27FC74F320BD10B900435C50 /* uECC.c */,
				27FC74F420BD10B900435C50 /* base58.c */,
			);
			path = src;
			sourceTree = "<group>";
		};
		27FC74F520BD10B900435C50 /* Key */ = {
			isa = PBXGroup;
			children = (
				27FC74F620BD10B900435C50 /* KeyPair.swift */,
				27FC74F720BD10B900435C50 /* PublicKey.swift */,
				27FC74F820BD10B900435C50 /* PrivateKey.swift */,
			);
			path = Key;
			sourceTree = "<group>";
		};
		27FC74F920BD10B900435C50 /* Models */ = {
			isa = PBXGroup;
			children = (
				27FC74FA20BD10B900435C50 /* ChainModels.swift */,
				27FC74FB20BD10B900435C50 /* BigInt.swift */,
				2783777920F8A308003CC8DB /* Error.swift */,
			);
			path = Models;
			sourceTree = "<group>";
		};
		27FC751120BD247700435C50 /* AnyCodable */ = {
			isa = PBXGroup;
			children = (
				27FC751220BD247700435C50 /* AnyDecodable.swift */,
				27FC751320BD247700435C50 /* AnyCodable.swift */,
				27FC751420BD247700435C50 /* AnyEncodable.swift */,
			);
			name = AnyCodable;
			path = Dependencies/AnyCodable/Sources/AnyCodable;
			sourceTree = SOURCE_ROOT;
		};
/* End PBXGroup section */

/* Begin PBXNativeTarget section */
		270DD57620FEEACA00C6763B /* SwiftyEOS-iOS-Example */ = {
			isa = PBXNativeTarget;
			buildConfigurationList = 270DD58620FEEACC00C6763B /* Build configuration list for PBXNativeTarget "SwiftyEOS-iOS-Example" */;
			buildPhases = (
				270DD57320FEEACA00C6763B /* Sources */,
				270DD57420FEEACA00C6763B /* Frameworks */,
				270DD57520FEEACA00C6763B /* Resources */,
			);
			buildRules = (
			);
			dependencies = (
			);
			name = "SwiftyEOS-iOS-Example";
			productName = "SwiftyEOS-iOS-Example";
			productReference = 270DD57720FEEACA00C6763B /* SwiftyEOS-iOS-Example.app */;
			productType = "com.apple.product-type.application";
		};
		27201542208E0673001205A3 /* SwiftyEOS */ = {
			isa = PBXNativeTarget;
			buildConfigurationList = 2720154A208E0673001205A3 /* Build configuration list for PBXNativeTarget "SwiftyEOS" */;
			buildPhases = (
				2720153F208E0673001205A3 /* Sources */,
				27201540208E0673001205A3 /* Frameworks */,
				27201541208E0673001205A3 /* CopyFiles */,
			);
			buildRules = (
				1FA21835215E48910074315F /* PBXBuildRule */,
			);
			dependencies = (
			);
			name = SwiftyEOS;
			productName = SwiftyEOS;
			productReference = 27201543208E0673001205A3 /* SwiftyEOS */;
			productType = "com.apple.product-type.tool";
		};
		2758839D21140CFC00A80837 /* SwiftyEOSTest */ = {
			isa = PBXNativeTarget;
			buildConfigurationList = 275883A321140CFC00A80837 /* Build configuration list for PBXNativeTarget "SwiftyEOSTest" */;
			buildPhases = (
				2758839A21140CFC00A80837 /* Sources */,
				2758839B21140CFC00A80837 /* Frameworks */,
				2758839C21140CFC00A80837 /* Resources */,
			);
			buildRules = (
			);
			dependencies = (
			);
			name = SwiftyEOSTest;
			productName = SwiftyEOSTest;
			productReference = 2758839E21140CFC00A80837 /* SwiftyEOSTest.xctest */;
			productType = "com.apple.product-type.bundle.unit-test";
		};
		278D33B6215A3F1F00713115 /* Mako */ = {
			isa = PBXNativeTarget;
			buildConfigurationList = 278D33C4215A3F2100713115 /* Build configuration list for PBXNativeTarget "Mako" */;
			buildPhases = (
				278D33B3215A3F1F00713115 /* Sources */,
				278D33B4215A3F1F00713115 /* Frameworks */,
				278D33B5215A3F1F00713115 /* Resources */,
			);
			buildRules = (
			);
			dependencies = (
			);
			name = Mako;
			productName = Mako;
			productReference = 278D33B7215A3F1F00713115 /* Mako.app */;
			productType = "com.apple.product-type.application";
		};
/* End PBXNativeTarget section */

/* Begin PBXProject section */
		2720153B208E0673001205A3 /* Project object */ = {
			isa = PBXProject;
			attributes = {
				LastSwiftUpdateCheck = 1000;
				LastUpgradeCheck = 0930;
				ORGANIZATIONNAME = ProChain;
				TargetAttributes = {
					270DD57620FEEACA00C6763B = {
						CreatedOnToolsVersion = 9.4.1;
					};
					27201542208E0673001205A3 = {
						CreatedOnToolsVersion = 9.3;
						LastSwiftMigration = 1000;
					};
					2758839D21140CFC00A80837 = {
						CreatedOnToolsVersion = 9.4.1;
					};
					278D33B6215A3F1F00713115 = {
						CreatedOnToolsVersion = 10.0;
					};
				};
			};
			buildConfigurationList = 2720153E208E0673001205A3 /* Build configuration list for PBXProject "SwiftyEOS" */;
			compatibilityVersion = "Xcode 9.3";
			developmentRegion = en;
			hasScannedForEncodings = 0;
			knownRegions = (
				en,
				Base,
			);
			mainGroup = 2720153A208E0673001205A3;
			productRefGroup = 27201544208E0673001205A3 /* Products */;
			projectDirPath = "";
			projectRoot = "";
			targets = (
				27201542208E0673001205A3 /* SwiftyEOS */,
				270DD57620FEEACA00C6763B /* SwiftyEOS-iOS-Example */,
				2758839D21140CFC00A80837 /* SwiftyEOSTest */,
				278D33B6215A3F1F00713115 /* Mako */,
			);
		};
/* End PBXProject section */

/* Begin PBXResourcesBuildPhase section */
		270DD57520FEEACA00C6763B /* Resources */ = {
			isa = PBXResourcesBuildPhase;
			buildActionMask = 2147483647;
			files = (
				270DD58420FEEACC00C6763B /* LaunchScreen.storyboard in Resources */,
				270DD58120FEEACC00C6763B /* Assets.xcassets in Resources */,
				270DD57F20FEEACA00C6763B /* Main.storyboard in Resources */,
			);
			runOnlyForDeploymentPostprocessing = 0;
		};
		2758839C21140CFC00A80837 /* Resources */ = {
			isa = PBXResourcesBuildPhase;
			buildActionMask = 2147483647;
			files = (
			);
			runOnlyForDeploymentPostprocessing = 0;
		};
		278D33B5215A3F1F00713115 /* Resources */ = {
			isa = PBXResourcesBuildPhase;
			buildActionMask = 2147483647;
			files = (
				278D33BE215A3F2100713115 /* Assets.xcassets in Resources */,
				278D33C1215A3F2100713115 /* Main.storyboard in Resources */,
			);
			runOnlyForDeploymentPostprocessing = 0;
		};
/* End PBXResourcesBuildPhase section */

/* Begin PBXSourcesBuildPhase section */
		270DD57320FEEACA00C6763B /* Sources */ = {
			isa = PBXSourcesBuildPhase;
			buildActionMask = 2147483647;
			files = (
				27107CD12135330100FDB599 /* Transaction.swift in Sources */,
				270DD57C20FEEACA00C6763B /* ViewController.swift in Sources */,
				270DD59120FF429400C6763B /* base58.c in Sources */,
				270DD57A20FEEACA00C6763B /* AppDelegate.swift in Sources */,
				270DD58B20FF39F100C6763B /* KeyPair.swift in Sources */,
				279BCF6021941BE80089F1DA /* curves.c in Sources */,
				27107CD32135334400FDB599 /* AnyCodable.swift in Sources */,
				270DD58A20FF2EA200C6763B /* PublicKey.swift in Sources */,
				270DD58F20FF428F00C6763B /* ripemd160.c in Sources */,
				279BCF6721941BFB0089F1DA /* bignum.c in Sources */,
				27107CD62135334E00FDB599 /* AnyEncodable.swift in Sources */,
				279BCF6221941BEF0089F1DA /* sha3.c in Sources */,
				270DD58920FEEB4F00C6763B /* SEWallet.swift in Sources */,
				270DD5A12100904A00C6763B /* BaseRouter.swift in Sources */,
				270DD5A32100905100C6763B /* BigInt.swift in Sources */,
				270DD58D20FF3A2F00C6763B /* Crypto.swift in Sources */,
				27107CD02135329B00FDB599 /* ResourceUtil.swift in Sources */,
				279BCF6921941C000089F1DA /* bip32.c in Sources */,
				270DD5A22100904E00C6763B /* ChainModels.swift in Sources */,
				27107CD22135330C00FDB599 /* TransactionUtil.swift in Sources */,
				279BCF6421941BF40089F1DA /* pbkdf2.c in Sources */,
				279BCF6521941BF60089F1DA /* rand.c in Sources */,
				270DD59E2100904300C6763B /* EOSRPC+History.swift in Sources */,
				270DD5A02100904700C6763B /* EOSRPC.swift in Sources */,
				270DD59020FF429200C6763B /* uECC.c in Sources */,
				279BCF6821941BFD0089F1DA /* ecdsa.c in Sources */,
				279BCF6121941BEB0089F1DA /* secp256k1.c in Sources */,
				270DD58C20FF3A2600C6763B /* PrivateKey.swift in Sources */,
				279BCF6621941BF90089F1DA /* sha2.c in Sources */,
				270DD59C2100903600C6763B /* ChainRouter.swift in Sources */,
				270DD5A52100905A00C6763B /* Currency.swift in Sources */,
				270DD59D2100904100C6763B /* EOSRPC+Chain.swift in Sources */,
				270DD59F2100904500C6763B /* HistoryRouter.swift in Sources */,
				279BCF6A21941C020089F1DA /* bip39.c in Sources */,
				271972A3219004FF00CFF288 /* Contract.swift in Sources */,
				270DD5A42100905400C6763B /* Error.swift in Sources */,
				27107CD42135334900FDB599 /* AnyDecodable.swift in Sources */,
				279BCF6321941BF10089F1DA /* hmac.c in Sources */,
			);
			runOnlyForDeploymentPostprocessing = 0;
		};
		2720153F208E0673001205A3 /* Sources */ = {
			isa = PBXSourcesBuildPhase;
			buildActionMask = 2147483647;
			files = (
				27107CCF2133F42400FDB599 /* ResourceUtil.swift in Sources */,
				270DD59621007A8200C6763B /* EOSRPC+History.swift in Sources */,
				27FC751520BD247700435C50 /* AnyDecodable.swift in Sources */,
				27FC750A20BD10B900435C50 /* PublicKey.swift in Sources */,
				27FC750020BD10B900435C50 /* ChainRouter.swift in Sources */,
				2730778521916B8D0099E6B0 /* sha2.c in Sources */,
				2719729F218F5DE800CFF288 /* Contract.swift in Sources */,
				1F95866B214B63B7000F01FB /* AccountUtil.swift in Sources */,
				2720E71B21257D9E00643AE6 /* TransactionUtil.swift in Sources */,
				27FC750E20BD10B900435C50 /* main.swift in Sources */,
				2730778E21916C1B0099E6B0 /* sha3.c in Sources */,
				27FC750D20BD10B900435C50 /* BigInt.swift in Sources */,
				27FC750C20BD10B900435C50 /* ChainModels.swift in Sources */,
				27FC750920BD10B900435C50 /* KeyPair.swift in Sources */,
				27FC74FF20BD10B900435C50 /* Signature.swift in Sources */,
				27FC750720BD10B900435C50 /* uECC.c in Sources */,
				27FC751720BD247700435C50 /* AnyEncodable.swift in Sources */,
				27FC750820BD10B900435C50 /* base58.c in Sources */,
				27FC750620BD10B900435C50 /* ripemd160.c in Sources */,
				2783777A20F8A308003CC8DB /* Error.swift in Sources */,
				2720E71921254CF200643AE6 /* Transaction.swift in Sources */,
				27FC750320BD10B900435C50 /* BaseRouter.swift in Sources */,
				273077702191693C0099E6B0 /* bip32.c in Sources */,
				2730778321916B8D0099E6B0 /* pbkdf2.c in Sources */,
				27FC74FE20BD10B900435C50 /* Currency.swift in Sources */,
				27FC750220BD10B900435C50 /* EOSRPC.swift in Sources */,
				273077712191693C0099E6B0 /* bip39.c in Sources */,
				2730777421916A9C0099E6B0 /* ecdsa.c in Sources */,
				27FC74FD20BD10B900435C50 /* Crypto.swift in Sources */,
				27FC751620BD247700435C50 /* AnyCodable.swift in Sources */,
				270DD59421007A7400C6763B /* HistoryRouter.swift in Sources */,
				2730778221916B8D0099E6B0 /* rand.c in Sources */,
				27FC750120BD10B900435C50 /* EOSRPC+Chain.swift in Sources */,
				2730778D21916C1B0099E6B0 /* secp256k1.c in Sources */,
				27FC750B20BD10B900435C50 /* PrivateKey.swift in Sources */,
				2730778421916B8D0099E6B0 /* hmac.c in Sources */,
				2730777721916AC00099E6B0 /* bignum.c in Sources */,
				2730778F21916C1B0099E6B0 /* curves.c in Sources */,
			);
			runOnlyForDeploymentPostprocessing = 0;
		};
		2758839A21140CFC00A80837 /* Sources */ = {
			isa = PBXSourcesBuildPhase;
			buildActionMask = 2147483647;
			files = (
				275883B3211450EE00A80837 /* ChainRouter.swift in Sources */,
				275883AD21144B2200A80837 /* Currency.swift in Sources */,
				275883AB21144B1B00A80837 /* PublicKey.swift in Sources */,
				275883AE21144B2500A80837 /* Crypto.swift in Sources */,
				275883B4211450F000A80837 /* HistoryRouter.swift in Sources */,
				275883B0211450E600A80837 /* EOSRPC.swift in Sources */,
				275883A921144B0300A80837 /* base58.c in Sources */,
				275883B7211450FE00A80837 /* BigInt.swift in Sources */,
				275883B5211450F200A80837 /* EOSRPC+History.swift in Sources */,
				275883B6211450FB00A80837 /* ChainModels.swift in Sources */,
				275883A121140CFC00A80837 /* SwiftyEOSTest.swift in Sources */,
				275883B2211450EB00A80837 /* EOSRPC+Chain.swift in Sources */,
				279BCF6B21941C060089F1DA /* ripemd160.c in Sources */,
				275883B1211450E800A80837 /* BaseRouter.swift in Sources */,
				275883AC21144B1E00A80837 /* KeyPair.swift in Sources */,
				275883A821144B0000A80837 /* uECC.c in Sources */,
				275883AA21144B1800A80837 /* PrivateKey.swift in Sources */,
				275883B82114510100A80837 /* Error.swift in Sources */,
			);
			runOnlyForDeploymentPostprocessing = 0;
		};
		278D33B3215A3F1F00713115 /* Sources */ = {
			isa = PBXSourcesBuildPhase;
			buildActionMask = 2147483647;
			files = (
				278D33BC215A3F1F00713115 /* ViewController.swift in Sources */,
				278D33BA215A3F1F00713115 /* AppDelegate.swift in Sources */,
				278D33CC215A459000713115 /* FeatureListViewController.swift in Sources */,
			);
			runOnlyForDeploymentPostprocessing = 0;
		};
/* End PBXSourcesBuildPhase section */

/* Begin PBXVariantGroup section */
		270DD57D20FEEACA00C6763B /* Main.storyboard */ = {
			isa = PBXVariantGroup;
			children = (
				270DD57E20FEEACA00C6763B /* Base */,
			);
			name = Main.storyboard;
			sourceTree = "<group>";
		};
		270DD58220FEEACC00C6763B /* LaunchScreen.storyboard */ = {
			isa = PBXVariantGroup;
			children = (
				270DD58320FEEACC00C6763B /* Base */,
			);
			name = LaunchScreen.storyboard;
			sourceTree = "<group>";
		};
		278D33BF215A3F2100713115 /* Main.storyboard */ = {
			isa = PBXVariantGroup;
			children = (
				278D33C0215A3F2100713115 /* Base */,
			);
			name = Main.storyboard;
			sourceTree = "<group>";
		};
/* End PBXVariantGroup section */

/* Begin XCBuildConfiguration section */
		270DD58720FEEACC00C6763B /* Debug */ = {
			isa = XCBuildConfiguration;
			buildSettings = {
				ASSETCATALOG_COMPILER_APPICON_NAME = AppIcon;
				CODE_SIGN_IDENTITY = "iPhone Developer";
				CODE_SIGN_STYLE = Automatic;
				INFOPLIST_FILE = "SwiftyEOS-iOS-Example/Info.plist";
				IPHONEOS_DEPLOYMENT_TARGET = 11.4;
				LD_RUNPATH_SEARCH_PATHS = (
					"$(inherited)",
					"@executable_path/Frameworks",
				);
				PRODUCT_BUNDLE_IDENTIFIER = "pro.chain.SwiftyEOS-iOS-Example";
				PRODUCT_NAME = "$(TARGET_NAME)";
				SDKROOT = iphoneos;
				SWIFT_OBJC_BRIDGING_HEADER = "SwiftyEOS-iOS-Example/Bridging-Header.h";
				SWIFT_VERSION = 4.0;
				SYSTEM_HEADER_SEARCH_PATHS = Libraries/include;
				TARGETED_DEVICE_FAMILY = "1,2";
			};
			name = Debug;
		};
		270DD58820FEEACC00C6763B /* Release */ = {
			isa = XCBuildConfiguration;
			buildSettings = {
				ASSETCATALOG_COMPILER_APPICON_NAME = AppIcon;
				CODE_SIGN_IDENTITY = "iPhone Developer";
				CODE_SIGN_STYLE = Automatic;
				INFOPLIST_FILE = "SwiftyEOS-iOS-Example/Info.plist";
				IPHONEOS_DEPLOYMENT_TARGET = 11.4;
				LD_RUNPATH_SEARCH_PATHS = (
					"$(inherited)",
					"@executable_path/Frameworks",
				);
				PRODUCT_BUNDLE_IDENTIFIER = "pro.chain.SwiftyEOS-iOS-Example";
				PRODUCT_NAME = "$(TARGET_NAME)";
				SDKROOT = iphoneos;
				SWIFT_OBJC_BRIDGING_HEADER = "SwiftyEOS-iOS-Example/Bridging-Header.h";
				SWIFT_VERSION = 4.0;
				SYSTEM_HEADER_SEARCH_PATHS = Libraries/include;
				TARGETED_DEVICE_FAMILY = "1,2";
				VALIDATE_PRODUCT = YES;
			};
			name = Release;
		};
		27201548208E0673001205A3 /* Debug */ = {
			isa = XCBuildConfiguration;
			buildSettings = {
				ALWAYS_SEARCH_USER_PATHS = NO;
				CLANG_ANALYZER_NONNULL = YES;
				CLANG_ANALYZER_NUMBER_OBJECT_CONVERSION = YES_AGGRESSIVE;
				CLANG_CXX_LANGUAGE_STANDARD = "gnu++14";
				CLANG_CXX_LIBRARY = "libc++";
				CLANG_ENABLE_MODULES = YES;
				CLANG_ENABLE_OBJC_ARC = YES;
				CLANG_ENABLE_OBJC_WEAK = YES;
				CLANG_WARN_BLOCK_CAPTURE_AUTORELEASING = YES;
				CLANG_WARN_BOOL_CONVERSION = YES;
				CLANG_WARN_COMMA = YES;
				CLANG_WARN_CONSTANT_CONVERSION = YES;
				CLANG_WARN_DEPRECATED_OBJC_IMPLEMENTATIONS = YES;
				CLANG_WARN_DIRECT_OBJC_ISA_USAGE = YES_ERROR;
				CLANG_WARN_DOCUMENTATION_COMMENTS = YES;
				CLANG_WARN_EMPTY_BODY = YES;
				CLANG_WARN_ENUM_CONVERSION = YES;
				CLANG_WARN_INFINITE_RECURSION = YES;
				CLANG_WARN_INT_CONVERSION = YES;
				CLANG_WARN_NON_LITERAL_NULL_CONVERSION = YES;
				CLANG_WARN_OBJC_IMPLICIT_RETAIN_SELF = YES;
				CLANG_WARN_OBJC_LITERAL_CONVERSION = YES;
				CLANG_WARN_OBJC_ROOT_CLASS = YES_ERROR;
				CLANG_WARN_RANGE_LOOP_ANALYSIS = YES;
				CLANG_WARN_STRICT_PROTOTYPES = YES;
				CLANG_WARN_SUSPICIOUS_MOVE = YES;
				CLANG_WARN_UNGUARDED_AVAILABILITY = YES_AGGRESSIVE;
				CLANG_WARN_UNREACHABLE_CODE = YES;
				CLANG_WARN__DUPLICATE_METHOD_MATCH = YES;
				CODE_SIGN_IDENTITY = "-";
				COPY_PHASE_STRIP = NO;
				DEBUG_INFORMATION_FORMAT = dwarf;
				ENABLE_STRICT_OBJC_MSGSEND = YES;
				ENABLE_TESTABILITY = YES;
				GCC_C_LANGUAGE_STANDARD = gnu11;
				GCC_DYNAMIC_NO_PIC = NO;
				GCC_NO_COMMON_BLOCKS = YES;
				GCC_OPTIMIZATION_LEVEL = 0;
				GCC_PREPROCESSOR_DEFINITIONS = (
					"DEBUG=1",
					"$(inherited)",
				);
				GCC_WARN_64_TO_32_BIT_CONVERSION = YES;
				GCC_WARN_ABOUT_RETURN_TYPE = YES_ERROR;
				GCC_WARN_UNDECLARED_SELECTOR = YES;
				GCC_WARN_UNINITIALIZED_AUTOS = YES_AGGRESSIVE;
				GCC_WARN_UNUSED_FUNCTION = YES;
				GCC_WARN_UNUSED_VARIABLE = YES;
				MACOSX_DEPLOYMENT_TARGET = 10.13;
				MTL_ENABLE_DEBUG_INFO = YES;
				ONLY_ACTIVE_ARCH = YES;
				SDKROOT = macosx;
				SWIFT_ACTIVE_COMPILATION_CONDITIONS = DEBUG;
				SWIFT_OPTIMIZATION_LEVEL = "-Onone";
			};
			name = Debug;
		};
		27201549208E0673001205A3 /* Release */ = {
			isa = XCBuildConfiguration;
			buildSettings = {
				ALWAYS_SEARCH_USER_PATHS = NO;
				CLANG_ANALYZER_NONNULL = YES;
				CLANG_ANALYZER_NUMBER_OBJECT_CONVERSION = YES_AGGRESSIVE;
				CLANG_CXX_LANGUAGE_STANDARD = "gnu++14";
				CLANG_CXX_LIBRARY = "libc++";
				CLANG_ENABLE_MODULES = YES;
				CLANG_ENABLE_OBJC_ARC = YES;
				CLANG_ENABLE_OBJC_WEAK = YES;
				CLANG_WARN_BLOCK_CAPTURE_AUTORELEASING = YES;
				CLANG_WARN_BOOL_CONVERSION = YES;
				CLANG_WARN_COMMA = YES;
				CLANG_WARN_CONSTANT_CONVERSION = YES;
				CLANG_WARN_DEPRECATED_OBJC_IMPLEMENTATIONS = YES;
				CLANG_WARN_DIRECT_OBJC_ISA_USAGE = YES_ERROR;
				CLANG_WARN_DOCUMENTATION_COMMENTS = YES;
				CLANG_WARN_EMPTY_BODY = YES;
				CLANG_WARN_ENUM_CONVERSION = YES;
				CLANG_WARN_INFINITE_RECURSION = YES;
				CLANG_WARN_INT_CONVERSION = YES;
				CLANG_WARN_NON_LITERAL_NULL_CONVERSION = YES;
				CLANG_WARN_OBJC_IMPLICIT_RETAIN_SELF = YES;
				CLANG_WARN_OBJC_LITERAL_CONVERSION = YES;
				CLANG_WARN_OBJC_ROOT_CLASS = YES_ERROR;
				CLANG_WARN_RANGE_LOOP_ANALYSIS = YES;
				CLANG_WARN_STRICT_PROTOTYPES = YES;
				CLANG_WARN_SUSPICIOUS_MOVE = YES;
				CLANG_WARN_UNGUARDED_AVAILABILITY = YES_AGGRESSIVE;
				CLANG_WARN_UNREACHABLE_CODE = YES;
				CLANG_WARN__DUPLICATE_METHOD_MATCH = YES;
				CODE_SIGN_IDENTITY = "-";
				COPY_PHASE_STRIP = NO;
				DEBUG_INFORMATION_FORMAT = "dwarf-with-dsym";
				ENABLE_NS_ASSERTIONS = NO;
				ENABLE_STRICT_OBJC_MSGSEND = YES;
				GCC_C_LANGUAGE_STANDARD = gnu11;
				GCC_NO_COMMON_BLOCKS = YES;
				GCC_WARN_64_TO_32_BIT_CONVERSION = YES;
				GCC_WARN_ABOUT_RETURN_TYPE = YES_ERROR;
				GCC_WARN_UNDECLARED_SELECTOR = YES;
				GCC_WARN_UNINITIALIZED_AUTOS = YES_AGGRESSIVE;
				GCC_WARN_UNUSED_FUNCTION = YES;
				GCC_WARN_UNUSED_VARIABLE = YES;
				MACOSX_DEPLOYMENT_TARGET = 10.13;
				MTL_ENABLE_DEBUG_INFO = NO;
				SDKROOT = macosx;
				SWIFT_COMPILATION_MODE = wholemodule;
				SWIFT_OPTIMIZATION_LEVEL = "-O";
			};
			name = Release;
		};
		2720154B208E0673001205A3 /* Debug */ = {
			isa = XCBuildConfiguration;
			buildSettings = {
				CODE_SIGN_STYLE = Automatic;
				FRAMEWORK_SEARCH_PATHS = "$(inherited)";
				PRODUCT_NAME = "$(TARGET_NAME)";
				SWIFT_OBJC_BRIDGING_HEADER = "Libraries/include/Bridging-Header.h";
				SWIFT_VERSION = 4.2;
				SYSTEM_HEADER_SEARCH_PATHS = Libraries/include;
			};
			name = Debug;
		};
		2720154C208E0673001205A3 /* Release */ = {
			isa = XCBuildConfiguration;
			buildSettings = {
				CODE_SIGN_STYLE = Automatic;
				FRAMEWORK_SEARCH_PATHS = "$(inherited)";
				PRODUCT_NAME = "$(TARGET_NAME)";
				SWIFT_OBJC_BRIDGING_HEADER = "Libraries/include/Bridging-Header.h";
				SWIFT_VERSION = 4.2;
				SYSTEM_HEADER_SEARCH_PATHS = Libraries/include;
			};
			name = Release;
		};
		275883A421140CFC00A80837 /* Debug */ = {
			isa = XCBuildConfiguration;
			buildSettings = {
				CODE_SIGN_STYLE = Automatic;
				COMBINE_HIDPI_IMAGES = YES;
				INFOPLIST_FILE = SwiftyEOSTest/Info.plist;
				LD_RUNPATH_SEARCH_PATHS = (
					"$(inherited)",
					"@executable_path/../Frameworks",
					"@loader_path/../Frameworks",
				);
				PRODUCT_BUNDLE_IDENTIFIER = pro.chain.SwiftyEOSTest;
				PRODUCT_NAME = "$(TARGET_NAME)";
				SWIFT_OBJC_BRIDGING_HEADER = "SwiftyEOSTest/Bridging-Header.h";
				SWIFT_VERSION = 4.0;
				SYSTEM_HEADER_SEARCH_PATHS = Libraries/include;
			};
			name = Debug;
		};
		275883A521140CFC00A80837 /* Release */ = {
			isa = XCBuildConfiguration;
			buildSettings = {
				CODE_SIGN_STYLE = Automatic;
				COMBINE_HIDPI_IMAGES = YES;
				INFOPLIST_FILE = SwiftyEOSTest/Info.plist;
				LD_RUNPATH_SEARCH_PATHS = (
					"$(inherited)",
					"@executable_path/../Frameworks",
					"@loader_path/../Frameworks",
				);
				PRODUCT_BUNDLE_IDENTIFIER = pro.chain.SwiftyEOSTest;
				PRODUCT_NAME = "$(TARGET_NAME)";
				SWIFT_OBJC_BRIDGING_HEADER = "SwiftyEOSTest/Bridging-Header.h";
				SWIFT_VERSION = 4.0;
				SYSTEM_HEADER_SEARCH_PATHS = Libraries/include;
			};
			name = Release;
		};
		278D33C5215A3F2100713115 /* Debug */ = {
			isa = XCBuildConfiguration;
			buildSettings = {
				ASSETCATALOG_COMPILER_APPICON_NAME = AppIcon;
				CODE_SIGN_ENTITLEMENTS = Mako/Mako.entitlements;
				CODE_SIGN_STYLE = Automatic;
				COMBINE_HIDPI_IMAGES = YES;
				INFOPLIST_FILE = Mako/Info.plist;
				LD_RUNPATH_SEARCH_PATHS = (
					"$(inherited)",
					"@executable_path/../Frameworks",
				);
				MACOSX_DEPLOYMENT_TARGET = 10.14;
				MTL_ENABLE_DEBUG_INFO = INCLUDE_SOURCE;
				MTL_FAST_MATH = YES;
				PRODUCT_BUNDLE_IDENTIFIER = pro.chain.Mako;
				PRODUCT_NAME = "$(TARGET_NAME)";
				SWIFT_VERSION = 4.2;
			};
			name = Debug;
		};
		278D33C6215A3F2100713115 /* Release */ = {
			isa = XCBuildConfiguration;
			buildSettings = {
				ASSETCATALOG_COMPILER_APPICON_NAME = AppIcon;
				CODE_SIGN_ENTITLEMENTS = Mako/Mako.entitlements;
				CODE_SIGN_STYLE = Automatic;
				COMBINE_HIDPI_IMAGES = YES;
				INFOPLIST_FILE = Mako/Info.plist;
				LD_RUNPATH_SEARCH_PATHS = (
					"$(inherited)",
					"@executable_path/../Frameworks",
				);
				MACOSX_DEPLOYMENT_TARGET = 10.14;
				MTL_FAST_MATH = YES;
				PRODUCT_BUNDLE_IDENTIFIER = pro.chain.Mako;
				PRODUCT_NAME = "$(TARGET_NAME)";
				SWIFT_VERSION = 4.2;
			};
			name = Release;
		};
/* End XCBuildConfiguration section */

/* Begin XCConfigurationList section */
		270DD58620FEEACC00C6763B /* Build configuration list for PBXNativeTarget "SwiftyEOS-iOS-Example" */ = {
			isa = XCConfigurationList;
			buildConfigurations = (
				270DD58720FEEACC00C6763B /* Debug */,
				270DD58820FEEACC00C6763B /* Release */,
			);
			defaultConfigurationIsVisible = 0;
			defaultConfigurationName = Release;
		};
		2720153E208E0673001205A3 /* Build configuration list for PBXProject "SwiftyEOS" */ = {
			isa = XCConfigurationList;
			buildConfigurations = (
				27201548208E0673001205A3 /* Debug */,
				27201549208E0673001205A3 /* Release */,
			);
			defaultConfigurationIsVisible = 0;
			defaultConfigurationName = Release;
		};
		2720154A208E0673001205A3 /* Build configuration list for PBXNativeTarget "SwiftyEOS" */ = {
			isa = XCConfigurationList;
			buildConfigurations = (
				2720154B208E0673001205A3 /* Debug */,
				2720154C208E0673001205A3 /* Release */,
			);
			defaultConfigurationIsVisible = 0;
			defaultConfigurationName = Release;
		};
		275883A321140CFC00A80837 /* Build configuration list for PBXNativeTarget "SwiftyEOSTest" */ = {
			isa = XCConfigurationList;
			buildConfigurations = (
				275883A421140CFC00A80837 /* Debug */,
				275883A521140CFC00A80837 /* Release */,
			);
			defaultConfigurationIsVisible = 0;
			defaultConfigurationName = Release;
		};
		278D33C4215A3F2100713115 /* Build configuration list for PBXNativeTarget "Mako" */ = {
			isa = XCConfigurationList;
			buildConfigurations = (
				278D33C5215A3F2100713115 /* Debug */,
				278D33C6215A3F2100713115 /* Release */,
			);
			defaultConfigurationIsVisible = 0;
			defaultConfigurationName = Release;
		};
/* End XCConfigurationList section */
	};
	rootObject = 2720153B208E0673001205A3 /* Project object */;
}
